// !$*UTF8*$!
{
	archiveVersion = 1;
	classes = {
	};
	objectVersion = 77;
	objects = {

/* Begin PBXBuildFile section */
		0613910D216007B45089A830 /* colvideo.icns in Resources */ = {isa = PBXBuildFile; fileRef = 338C98F6E21A0383CB98B85E /* colvideo.icns */; };
		07657EC2DF25530A797D16B6 /* PickIntent.swift in Sources */ = {isa = PBXBuildFile; fileRef = "TEMP_3939664B-2498-40BE-9C4D-E3C1789E322C" /* PickIntent.swift */; };
		0CEFDEA98282599490B095C5 /* GamutMap.swift in Sources */ = {isa = PBXBuildFile; fileRef = "TEMP_7CFD4452-52E6-454D-81F1-CA43E4AC350C" /* GamutMap.swift */; };
		0D728EC489C14774D73B2B6A /* Palette.swift in Sources */ = {isa = PBXBuildFile; fileRef = "TEMP_76F2B865-C6AE-4682-8946-D7A4B54B98D4" /* Palette.swift */; };
		1789F3551027DA227F6CA5BD /* Schema.swift in Sources */ = {isa = PBXBuildFile; fileRef = "TEMP_70AAB38A-49F0-433C-B3F9-03FCC5EB5ABF" /* Schema.swift */; };
		17993811BCA3EED7A940A068 /* Catalogue.swift in Sources */ = {isa = PBXBuildFile; fileRef = "TEMP_007DCA8F-ACF6-4F89-A453-D428EE5C4D9B" /* Catalogue.swift */; };
		19ED95443E90D119D82CF625 /* Sparkle.framework in Frameworks */ = {isa = PBXBuildFile; fileRef = 762E95D1E3CB1042B906C99B /* Sparkle.framework */; };
		1D1885AA38D669FDDD6BEB47 /* ColourIdentity.swift in Sources */ = {isa = PBXBuildFile; fileRef = "TEMP_548E803C-1A83-49D6-9E6A-247C90DFB8CC" /* ColourIdentity.swift */; };
		1E29FF53B99072A61D148A00 /* colweb.icns in Resources */ = {isa = PBXBuildFile; fileRef = 5762AC825EB9609956BC1D0C /* colweb.icns */; };
		20CBC917966D78A8C27FDA56 /* ColourEngine.swift in Sources */ = {isa = PBXBuildFile; fileRef = "TEMP_BB25B6D5-762E-4D59-928F-9A45DA520D5C" /* ColourEngine.swift */; };
		210B53600005CDA4A07882F2 /* ColourProfiles.swift in Sources */ = {isa = PBXBuildFile; fileRef = "TEMP_2F2704F0-4814-46C7-A4D4-9CC0B6496E8D" /* ColourProfiles.swift */; };
		24DBEAA55101833A59AAA23C /* Sidebar.swift in Sources */ = {isa = PBXBuildFile; fileRef = "TEMP_E13E235C-F968-4189-9A7C-00C1AC0A0EA8" /* Sidebar.swift */; };
		251C2C21BE054E63D660F937 /* SetupFrame.swift in Sources */ = {isa = PBXBuildFile; fileRef = "TEMP_615B9787-B639-4D84-BAB8-13371AB3EBAA" /* SetupFrame.swift */; };
		26D5F5B9063A8A0F3F3877E8 /* StepCards.swift in Sources */ = {isa = PBXBuildFile; fileRef = "TEMP_7356B8CF-D738-4450-ADE2-65DC7B1F9E3B" /* StepCards.swift */; };
		2AF9ED23EE4E523E9FAD0FC0 /* Controls.swift in Sources */ = {isa = PBXBuildFile; fileRef = "TEMP_1C529319-D02C-427E-8FE3-C6D95850FC43" /* Controls.swift */; };
		39315CEC9E1BFD8007005D65 /* colcine.icns in Resources */ = {isa = PBXBuildFile; fileRef = E81369EB61078CE37CDC9ED4 /* colcine.icns */; };
		4099FAF2A711E28758569A3F /* Prefs.swift in Sources */ = {isa = PBXBuildFile; fileRef = "TEMP_B4AB1554-3FF8-4A5B-B072-B7DAF7F97E47" /* Prefs.swift */; };
		439D756CAE4AB5233371B415 /* colproject.icns in Resources */ = {isa = PBXBuildFile; fileRef = 16355B29A0F4A6768C99D1C0 /* colproject.icns */; };
		44A5771409911E0BA4C4744F /* Controller.swift in Sources */ = {isa = PBXBuildFile; fileRef = "TEMP_B0864EFF-9064-4EAE-B758-CE6046C686AB" /* Controller.swift */; };
		453E14E279AB19A7B93A4F39 /* Modal.swift in Sources */ = {isa = PBXBuildFile; fileRef = "TEMP_646F0220-BE6F-401E-9B12-EE942B368DDF" /* Modal.swift */; };
		47A6A5F59FFBD756E14E54C7 /* LabContrast.swift in Sources */ = {isa = PBXBuildFile; fileRef = "TEMP_99A382BA-478D-418E-BEB4-E70D0917773E" /* LabContrast.swift */; };
		4B0A52C533A0CC8D1B228303 /* colpalette.icns in Resources */ = {isa = PBXBuildFile; fileRef = 9A4B61E80722813E7F86E917 /* colpalette.icns */; };
		4C5C3B5A4BB44F4D9D07C691 /* StudioSettings.swift in Sources */ = {isa = PBXBuildFile; fileRef = "TEMP_79C44F73-FC6E-4B01-99C2-B4392493131E" /* StudioSettings.swift */; };
		4CDF21DDC6FB10C3BC083156 /* NewColour.swift in Sources */ = {isa = PBXBuildFile; fileRef = "TEMP_4ACB7BA1-C8D5-4F2D-9728-B00C56B10111" /* NewColour.swift */; };
		4FDE6A604021C1519F9AFCD0 /* HaloDemo.swift in Sources */ = {isa = PBXBuildFile; fileRef = "TEMP_8F6B16B4-4251-4D87-A0C1-DDED563547DA" /* HaloDemo.swift */; };
		50C992DA39A05B944CF974D8 /* PermissionGate.swift in Sources */ = {isa = PBXBuildFile; fileRef = "TEMP_AF597D60-E509-40CA-A71A-31BC2710B61A" /* PermissionGate.swift */; };
		5592B37998C5F788DE57170E /* StudioSchema.swift in Sources */ = {isa = PBXBuildFile; fileRef = "TEMP_6A0AF362-20E0-4AF4-998D-3A12F07C1589" /* StudioSchema.swift */; };
		57FD2F64B22704B1BB0B0F9D /* PaletteGroups.swift in Sources */ = {isa = PBXBuildFile; fileRef = "TEMP_64ACA521-7047-4E65-B52F-E466ADD35AAF" /* PaletteGroups.swift */; };
		5E408F313AD600294195F147 /* Sync.swift in Sources */ = {isa = PBXBuildFile; fileRef = "TEMP_170482C1-19EB-4D35-A127-7D8F75BF432E" /* Sync.swift */; };
		61FE760A0831B80D12938348 /* ProjectFile.swift in Sources */ = {isa = PBXBuildFile; fileRef = "TEMP_3431F4D6-D47E-426E-AB7E-B3F23BBF9ACF" /* ProjectFile.swift */; };
		64A3E4BA6582B9CEACD138EF /* colcatalogue.icns in Resources */ = {isa = PBXBuildFile; fileRef = EB6E49A3BE04926823CB4646 /* colcatalogue.icns */; };
		65ABEBBD31320CA1E7265113 /* Importers.swift in Sources */ = {isa = PBXBuildFile; fileRef = "TEMP_41473FF0-B0CE-45AB-A3CC-54DCCAE2E50C" /* Importers.swift */; };
		66D115EC769C3BB8B6C3BD02 /* HistoryRail.swift in Sources */ = {isa = PBXBuildFile; fileRef = "TEMP_8FD68DC1-2254-4721-85D3-BA7A55D16E1B" /* HistoryRail.swift */; };
		6DDCC67A5219AEAEDB04D472 /* ContextRail.swift in Sources */ = {isa = PBXBuildFile; fileRef = "TEMP_F24BC346-F66C-4272-9BC5-61533B740024" /* ContextRail.swift */; };
		721252012F19045BC90B96B9 /* colprint.icns in Resources */ = {isa = PBXBuildFile; fileRef = 541D52D82EC97CBE186A7E0D /* colprint.icns */; };
		726E154A018911B011E8485D /* AdobeHelper.swift in Sources */ = {isa = PBXBuildFile; fileRef = "TEMP_BAFDBD8C-A687-4FB8-A024-22DAFA35937A" /* AdobeHelper.swift */; };
		73119374CC5A59D1C8D4D2EE /* FormMemory.swift in Sources */ = {isa = PBXBuildFile; fileRef = "TEMP_FF249267-CA08-4EF8-A4F2-BC8CE0A1F857" /* FormMemory.swift */; };
		754DFFE72BC99DB6C88BE04F /* Permissions.swift in Sources */ = {isa = PBXBuildFile; fileRef = "TEMP_3D35BF14-8883-4187-97D7-A72B4FAC8E54" /* Permissions.swift */; };
		760FCA9C32E0F32FFEE499E9 /* Tags.swift in Sources */ = {isa = PBXBuildFile; fileRef = "TEMP_1F3C74BD-6BBC-4B2F-8024-1EAEAE9A9B1F" /* Tags.swift */; };
		7A11FD7C57B479A864E42AA6 /* Model.swift in Sources */ = {isa = PBXBuildFile; fileRef = "TEMP_AE1E9747-A4B4-4C81-9624-64CF6731E6BF" /* Model.swift */; };
		7DF3FA0FACA5C93F3571C9ED /* Exporters.swift in Sources */ = {isa = PBXBuildFile; fileRef = "TEMP_EB929470-4606-4B1A-A7CF-92E9DA4BA4D4" /* Exporters.swift */; };
		7FC8821973F2EB369F446145 /* Store.swift in Sources */ = {isa = PBXBuildFile; fileRef = "TEMP_08911290-12D8-44D0-9FDE-5C9E8C32924C" /* Store.swift */; };
		803A3154D706B59BC927A1E4 /* Sampler.swift in Sources */ = {isa = PBXBuildFile; fileRef = "TEMP_43D506D3-CAC3-49E9-9FFC-D76E46776983" /* Sampler.swift */; };
		82817C05E3415097C2EA2960 /* MainWindow.swift in Sources */ = {isa = PBXBuildFile; fileRef = "TEMP_73CD93D6-1B81-4452-997D-D43FE019613F" /* MainWindow.swift */; };
		89AE289D2855C122D36F59D7 /* main.swift in Sources */ = {isa = PBXBuildFile; fileRef = "TEMP_EBECCA84-7FE3-48C2-9645-2BFAF195F004" /* main.swift */; };
		8C48C772BA5CF3407D13C697 /* PaneGrip.swift in Sources */ = {isa = PBXBuildFile; fileRef = "TEMP_8BCA2BB7-5CA0-4766-9429-DB1AEDB34037" /* PaneGrip.swift */; };
		8E0F6598B2A8C9D3F7786C65 /* Design.swift in Sources */ = {isa = PBXBuildFile; fileRef = "TEMP_9F53711E-DC71-4DDD-A8AA-72E757F45450" /* Design.swift */; };
		8FB0F2879A1542F7CAA3F25F /* StudioWindow.swift in Sources */ = {isa = PBXBuildFile; fileRef = "TEMP_FE7CB72D-EA57-41F0-A857-D92A0197E427" /* StudioWindow.swift */; };
		977B382E03DD3DE3BC12F5E7 /* colphoto.icns in Resources */ = {isa = PBXBuildFile; fileRef = 66C74BEE330EDC88F61EEE94 /* colphoto.icns */; };
		9AD660CCACFC33DBDCB2F721 /* col3d.icns in Resources */ = {isa = PBXBuildFile; fileRef = 2DFCDC69130255E5982DD713 /* col3d.icns */; };
		9AE0273DD7711919E3989F89 /* SelfTest.swift in Sources */ = {isa = PBXBuildFile; fileRef = "TEMP_F06BBBD4-2366-4A90-A4B6-835A5D78B2D1" /* SelfTest.swift */; };
		9B1926ABCB691BB25B8D2891 /* SwatchList.swift in Sources */ = {isa = PBXBuildFile; fileRef = "TEMP_20D35D53-08CE-4B6B-99C1-AD2C7A9B7A29" /* SwatchList.swift */; };
		9B8B51A17C22170EEF0B0022 /* Buttons.swift in Sources */ = {isa = PBXBuildFile; fileRef = "TEMP_EC3E8B24-5BD6-460B-8B9E-B94CB7C804A0" /* Buttons.swift */; };
		9BE12D70FEC2A4BD08A6EFEB /* HaloMenu.swift in Sources */ = {isa = PBXBuildFile; fileRef = "TEMP_1834ACF0-2937-4B3D-AEDE-439118B908F7" /* HaloMenu.swift */; };
		A14E2BB1B06046BDAEF8EA1E /* LostProject.swift in Sources */ = {isa = PBXBuildFile; fileRef = "TEMP_9EA896E0-1678-4830-A8C9-0D92E952F6EE" /* LostProject.swift */; };
		A36D8F31E2CF838FEFBEC626 /* Sparkle.framework in Embed Frameworks */ = {isa = PBXBuildFile; fileRef = 762E95D1E3CB1042B906C99B /* Sparkle.framework */; settings = {ATTRIBUTES = (CodeSignOnCopy, RemoveHeadersOnCopy, ); }; };
		A5A263F9D2B57E2355B34D9A /* PageHeader.swift in Sources */ = {isa = PBXBuildFile; fileRef = "TEMP_24E9A6F7-CAF4-4557-82A4-5B72614CD5E6" /* PageHeader.swift */; };
		A8FDC2C2B7C73731C6EA7C28 /* Helpers.swift in Sources */ = {isa = PBXBuildFile; fileRef = "TEMP_CA4B76C5-987F-481B-885F-6431FB38FCE2" /* Helpers.swift */; };
		AA007928D755786595363036 /* ColourFormats.swift in Sources */ = {isa = PBXBuildFile; fileRef = "TEMP_6294FD0C-6232-419D-AE28-DC79851F38F6" /* ColourFormats.swift */; };
		AB512B8EF91122D64BDC64BF /* AllSwatchesView.swift in Sources */ = {isa = PBXBuildFile; fileRef = "TEMP_733D82B2-1987-43ED-BCCE-74AFB38E1033" /* AllSwatchesView.swift */; };
		ACCEC4061C53BAE069102074 /* Brand.swift in Sources */ = {isa = PBXBuildFile; fileRef = "TEMP_2408EFC5-0BAD-45ED-A3D7-D86E7C8560C9" /* Brand.swift */; };
		AE8F351C6569453CFDB13F86 /* Overview.swift in Sources */ = {isa = PBXBuildFile; fileRef = "TEMP_A32E3AE5-2304-4DDE-9819-606BF12F4CDA" /* Overview.swift */; };
		B372A804138ABF9280ECC400 /* Bookmarks.swift in Sources */ = {isa = PBXBuildFile; fileRef = "TEMP_A8F7C812-EBCD-4F3C-91B9-BD47E84DF98E" /* Bookmarks.swift */; };
		B3956637F61DBAF44531D4F9 /* AppIcon.icns in Resources */ = {isa = PBXBuildFile; fileRef = 82DB9851BEC354A92C16A016 /* AppIcon.icns */; };
		B4F0F05FD86FA9EFD8BDA1A1 /* Dump.swift in Sources */ = {isa = PBXBuildFile; fileRef = "TEMP_149B2E4E-9553-46F1-8B06-421CF06FB91B" /* Dump.swift */; };
		B7EEE7672F78066FDAF017CB /* SetupAssistant.swift in Sources */ = {isa = PBXBuildFile; fileRef = "TEMP_F3FC5B02-F2A3-433B-A321-58904BB5B9D5" /* SetupAssistant.swift */; };
		B8A7139AC46A85D2E19C17B1 /* Logo.swift in Sources */ = {isa = PBXBuildFile; fileRef = "TEMP_D5CEE157-6D69-4CDE-8ED6-DB4938DD64D2" /* Logo.swift */; };
		BB921070107ED476AB0E92E0 /* Typography.swift in Sources */ = {isa = PBXBuildFile; fileRef = "TEMP_C75367AB-9539-4804-8824-53D6C24C4392" /* Typography.swift */; };
		BC4627CCDCBAF7EEACD7EAC1 /* Shortcuts.swift in Sources */ = {isa = PBXBuildFile; fileRef = "TEMP_643D76B0-F50E-4862-984C-D5ABAC9CA925" /* Shortcuts.swift */; };
		C101B0D14D9126E7084FE604 /* SlideConfirm.swift in Sources */ = {isa = PBXBuildFile; fileRef = "TEMP_F3777327-E039-4F75-96E7-513C2E68E585" /* SlideConfirm.swift */; };
		C41E7C22C5126986494992FA /* ColourScience.swift in Sources */ = {isa = PBXBuildFile; fileRef = "TEMP_A68EE371-67A4-4F3A-90E5-4ED5F46CF760" /* ColourScience.swift */; };
		C70860ABD0C99B1ACB47EFA5 /* ColourNames.swift in Sources */ = {isa = PBXBuildFile; fileRef = "TEMP_38145642-3EB9-40DD-A650-D61798CFDF6B" /* ColourNames.swift */; };
		C8EED062B6B25BA4665358FC /* Analysis.swift in Sources */ = {isa = PBXBuildFile; fileRef = "TEMP_C12DDACB-EE16-4BA8-8FD0-E3B25FABF3D9" /* Analysis.swift */; };
		C943AD7C36482C540AA463EF /* colsyncproject.icns in Resources */ = {isa = PBXBuildFile; fileRef = 610EBEF9E60397D933438011 /* colsyncproject.icns */; };
		C9EF81B69AF1D8898B885FE1 /* AdobeHelperRules.swift in Sources */ = {isa = PBXBuildFile; fileRef = "TEMP_48F76D51-9439-407F-8E88-0218A7285865" /* AdobeHelperRules.swift */; };
		CA3F9CA0EADA529352948602 /* colsynccatalogue.icns in Resources */ = {isa = PBXBuildFile; fileRef = 9641714EF252949898FB6418 /* colsynccatalogue.icns */; };
		CBB80274DBD545DC1FA26152 /* coldata.icns in Resources */ = {isa = PBXBuildFile; fileRef = 7AB0BCF553AF31C8C7ED04BF /* coldata.icns */; };
		D133C2BD04C9E4A6BF519BD9 /* Splash.swift in Sources */ = {isa = PBXBuildFile; fileRef = "TEMP_269EC472-B1B8-4AC7-98BD-736CBA855AC4" /* Splash.swift */; };
		D472BEEB9F77A3DE83558BEF /* Histogram.swift in Sources */ = {isa = PBXBuildFile; fileRef = "TEMP_98EF428C-A14A-4525-BF80-CB80F35FE8BA" /* Histogram.swift */; };
		E147AD10EE94D82A47303550 /* colspace.icns in Resources */ = {isa = PBXBuildFile; fileRef = 77A9E531BD3021E56D38F9B8 /* colspace.icns */; };
		E3E4610CD681F4779936467F /* colhistory.icns in Resources */ = {isa = PBXBuildFile; fileRef = 3B2C8245EBDF362A2D6314C1 /* colhistory.icns */; };
		E4169058F2C76D999E58EAC9 /* History.swift in Sources */ = {isa = PBXBuildFile; fileRef = "TEMP_9FFDA5D2-5B92-4E84-BA19-C8E6628D15C6" /* History.swift */; };
		E62FA37CE1C3C3E3FBA93B11 /* HaloTrainer.swift in Sources */ = {isa = PBXBuildFile; fileRef = "TEMP_40A1DE42-A1DB-4A5A-B7FF-4B34A493B04D" /* HaloTrainer.swift */; };
		ECC0782B18A36CE54A92CE3F /* Purposes.swift in Sources */ = {isa = PBXBuildFile; fileRef = "TEMP_7220C6AC-DC6A-4A5C-9813-D5F9358E7D36" /* Purposes.swift */; };
		EFA10E03E753C8E24F910E4F /* SettingsWindow.swift in Sources */ = {isa = PBXBuildFile; fileRef = "TEMP_9C5102A5-E382-4776-AD0D-1E10CBD3CBDF" /* SettingsWindow.swift */; };
		F0A4164FB24C773B1A326833 /* PaletteView.swift in Sources */ = {isa = PBXBuildFile; fileRef = "TEMP_A0D94417-9040-4619-BCEF-3C73662D0F48" /* PaletteView.swift */; };
		F5B7AABA6446ABF161DF70BE /* colswatch.icns in Resources */ = {isa = PBXBuildFile; fileRef = 9A4DCCCC19843E293EC4DE90 /* colswatch.icns */; };
		FBA4F67B6F0AEB4D658BCC10 /* Lab.swift in Sources */ = {isa = PBXBuildFile; fileRef = "TEMP_1B16A52B-7B2E-4E2B-814C-46EFDBAF3B88" /* Lab.swift */; };
		FBA68DDD7709E2CF788A3A52 /* Projects.swift in Sources */ = {isa = PBXBuildFile; fileRef = "TEMP_4E9015F8-18DB-4A0F-9939-33FBB58FC97F" /* Projects.swift */; };
/* End PBXBuildFile section */

/* Begin PBXCopyFilesBuildPhase section */
		2CA7614D488275AB24EEE766 /* Embed Frameworks */ = {
			isa = PBXCopyFilesBuildPhase;
			buildActionMask = 2147483647;
			dstPath = "";
			dstSubfolderSpec = 10;
			files = (
				A36D8F31E2CF838FEFBEC626 /* Sparkle.framework in Embed Frameworks */,
			);
			name = "Embed Frameworks";
			runOnlyForDeploymentPostprocessing = 0;
		};
/* End PBXCopyFilesBuildPhase section */

/* Begin PBXFileReference section */
		16355B29A0F4A6768C99D1C0 /* colproject.icns */ = {isa = PBXFileReference; lastKnownFileType = image.icns; path = colproject.icns; sourceTree = "<group>"; };
		2DFCDC69130255E5982DD713 /* col3d.icns */ = {isa = PBXFileReference; lastKnownFileType = image.icns; path = col3d.icns; sourceTree = "<group>"; };
		338C98F6E21A0383CB98B85E /* colvideo.icns */ = {isa = PBXFileReference; lastKnownFileType = image.icns; path = colvideo.icns; sourceTree = "<group>"; };
		3B2C8245EBDF362A2D6314C1 /* colhistory.icns */ = {isa = PBXFileReference; lastKnownFileType = image.icns; path = colhistory.icns; sourceTree = "<group>"; };
		541D52D82EC97CBE186A7E0D /* colprint.icns */ = {isa = PBXFileReference; lastKnownFileType = image.icns; path = colprint.icns; sourceTree = "<group>"; };
		5762AC825EB9609956BC1D0C /* colweb.icns */ = {isa = PBXFileReference; lastKnownFileType = image.icns; path = colweb.icns; sourceTree = "<group>"; };
		610EBEF9E60397D933438011 /* colsyncproject.icns */ = {isa = PBXFileReference; lastKnownFileType = image.icns; path = colsyncproject.icns; sourceTree = "<group>"; };
		66C74BEE330EDC88F61EEE94 /* colphoto.icns */ = {isa = PBXFileReference; lastKnownFileType = image.icns; path = colphoto.icns; sourceTree = "<group>"; };
		762E95D1E3CB1042B906C99B /* Sparkle.framework */ = {isa = PBXFileReference; lastKnownFileType = wrapper.framework; name = Sparkle.framework; path = vendor/Sparkle/Sparkle.framework; sourceTree = "<group>"; };
		77A9E531BD3021E56D38F9B8 /* colspace.icns */ = {isa = PBXFileReference; lastKnownFileType = image.icns; path = colspace.icns; sourceTree = "<group>"; };
		7AB0BCF553AF31C8C7ED04BF /* coldata.icns */ = {isa = PBXFileReference; lastKnownFileType = image.icns; path = coldata.icns; sourceTree = "<group>"; };
		82DB9851BEC354A92C16A016 /* AppIcon.icns */ = {isa = PBXFileReference; lastKnownFileType = image.icns; path = AppIcon.icns; sourceTree = "<group>"; };
		9641714EF252949898FB6418 /* colsynccatalogue.icns */ = {isa = PBXFileReference; lastKnownFileType = image.icns; path = colsynccatalogue.icns; sourceTree = "<group>"; };
		9A4B61E80722813E7F86E917 /* colpalette.icns */ = {isa = PBXFileReference; lastKnownFileType = image.icns; path = colpalette.icns; sourceTree = "<group>"; };
		9A4DCCCC19843E293EC4DE90 /* colswatch.icns */ = {isa = PBXFileReference; lastKnownFileType = image.icns; path = colswatch.icns; sourceTree = "<group>"; };
		CCF4348E40E2E5057567D4AB /* Colorgain.app */ = {isa = PBXFileReference; explicitFileType = wrapper.application; includeInIndex = 0; path = Colorgain.app; sourceTree = BUILT_PRODUCTS_DIR; };
		E81369EB61078CE37CDC9ED4 /* colcine.icns */ = {isa = PBXFileReference; lastKnownFileType = image.icns; path = colcine.icns; sourceTree = "<group>"; };
		EB6E49A3BE04926823CB4646 /* colcatalogue.icns */ = {isa = PBXFileReference; lastKnownFileType = image.icns; path = colcatalogue.icns; sourceTree = "<group>"; };
		"TEMP_007DCA8F-ACF6-4F89-A453-D428EE5C4D9B" /* Catalogue.swift */ = {isa = PBXFileReference; lastKnownFileType = sourcecode.swift; path = Catalogue.swift; sourceTree = "<group>"; };
		"TEMP_08911290-12D8-44D0-9FDE-5C9E8C32924C" /* Store.swift */ = {isa = PBXFileReference; lastKnownFileType = sourcecode.swift; path = Store.swift; sourceTree = "<group>"; };
		"TEMP_149B2E4E-9553-46F1-8B06-421CF06FB91B" /* Dump.swift */ = {isa = PBXFileReference; lastKnownFileType = sourcecode.swift; path = Dump.swift; sourceTree = "<group>"; };
		"TEMP_170482C1-19EB-4D35-A127-7D8F75BF432E" /* Sync.swift */ = {isa = PBXFileReference; lastKnownFileType = sourcecode.swift; path = Sync.swift; sourceTree = "<group>"; };
		"TEMP_1834ACF0-2937-4B3D-AEDE-439118B908F7" /* HaloMenu.swift */ = {isa = PBXFileReference; lastKnownFileType = sourcecode.swift; path = HaloMenu.swift; sourceTree = "<group>"; };
		"TEMP_1B16A52B-7B2E-4E2B-814C-46EFDBAF3B88" /* Lab.swift */ = {isa = PBXFileReference; lastKnownFileType = sourcecode.swift; path = Lab.swift; sourceTree = "<group>"; };
		"TEMP_1C529319-D02C-427E-8FE3-C6D95850FC43" /* Controls.swift */ = {isa = PBXFileReference; lastKnownFileType = sourcecode.swift; path = Controls.swift; sourceTree = "<group>"; };
		"TEMP_1F3C74BD-6BBC-4B2F-8024-1EAEAE9A9B1F" /* Tags.swift */ = {isa = PBXFileReference; lastKnownFileType = sourcecode.swift; path = Tags.swift; sourceTree = "<group>"; };
		"TEMP_20D35D53-08CE-4B6B-99C1-AD2C7A9B7A29" /* SwatchList.swift */ = {isa = PBXFileReference; lastKnownFileType = sourcecode.swift; path = SwatchList.swift; sourceTree = "<group>"; };
		"TEMP_2408EFC5-0BAD-45ED-A3D7-D86E7C8560C9" /* Brand.swift */ = {isa = PBXFileReference; lastKnownFileType = sourcecode.swift; path = Brand.swift; sourceTree = "<group>"; };
		"TEMP_24E9A6F7-CAF4-4557-82A4-5B72614CD5E6" /* PageHeader.swift */ = {isa = PBXFileReference; lastKnownFileType = sourcecode.swift; path = PageHeader.swift; sourceTree = "<group>"; };
		"TEMP_269EC472-B1B8-4AC7-98BD-736CBA855AC4" /* Splash.swift */ = {isa = PBXFileReference; lastKnownFileType = sourcecode.swift; path = Splash.swift; sourceTree = "<group>"; };
		"TEMP_2F2704F0-4814-46C7-A4D4-9CC0B6496E8D" /* ColourProfiles.swift */ = {isa = PBXFileReference; lastKnownFileType = sourcecode.swift; path = ColourProfiles.swift; sourceTree = "<group>"; };
		"TEMP_3431F4D6-D47E-426E-AB7E-B3F23BBF9ACF" /* ProjectFile.swift */ = {isa = PBXFileReference; lastKnownFileType = sourcecode.swift; path = ProjectFile.swift; sourceTree = "<group>"; };
		"TEMP_38145642-3EB9-40DD-A650-D61798CFDF6B" /* ColourNames.swift */ = {isa = PBXFileReference; lastKnownFileType = sourcecode.swift; path = ColourNames.swift; sourceTree = "<group>"; };
		"TEMP_3939664B-2498-40BE-9C4D-E3C1789E322C" /* PickIntent.swift */ = {isa = PBXFileReference; lastKnownFileType = sourcecode.swift; path = PickIntent.swift; sourceTree = "<group>"; };
		"TEMP_3D35BF14-8883-4187-97D7-A72B4FAC8E54" /* Permissions.swift */ = {isa = PBXFileReference; lastKnownFileType = sourcecode.swift; path = Permissions.swift; sourceTree = "<group>"; };
		"TEMP_40A1DE42-A1DB-4A5A-B7FF-4B34A493B04D" /* HaloTrainer.swift */ = {isa = PBXFileReference; lastKnownFileType = sourcecode.swift; path = HaloTrainer.swift; sourceTree = "<group>"; };
		"TEMP_41473FF0-B0CE-45AB-A3CC-54DCCAE2E50C" /* Importers.swift */ = {isa = PBXFileReference; lastKnownFileType = sourcecode.swift; path = Importers.swift; sourceTree = "<group>"; };
		"TEMP_43D506D3-CAC3-49E9-9FFC-D76E46776983" /* Sampler.swift */ = {isa = PBXFileReference; lastKnownFileType = sourcecode.swift; path = Sampler.swift; sourceTree = "<group>"; };
		"TEMP_48F76D51-9439-407F-8E88-0218A7285865" /* AdobeHelperRules.swift */ = {isa = PBXFileReference; lastKnownFileType = sourcecode.swift; path = AdobeHelperRules.swift; sourceTree = "<group>"; };
		"TEMP_4ACB7BA1-C8D5-4F2D-9728-B00C56B10111" /* NewColour.swift */ = {isa = PBXFileReference; lastKnownFileType = sourcecode.swift; path = NewColour.swift; sourceTree = "<group>"; };
		"TEMP_4E9015F8-18DB-4A0F-9939-33FBB58FC97F" /* Projects.swift */ = {isa = PBXFileReference; lastKnownFileType = sourcecode.swift; path = Projects.swift; sourceTree = "<group>"; };
		"TEMP_548E803C-1A83-49D6-9E6A-247C90DFB8CC" /* ColourIdentity.swift */ = {isa = PBXFileReference; lastKnownFileType = sourcecode.swift; path = ColourIdentity.swift; sourceTree = "<group>"; };
		"TEMP_615B9787-B639-4D84-BAB8-13371AB3EBAA" /* SetupFrame.swift */ = {isa = PBXFileReference; lastKnownFileType = sourcecode.swift; path = SetupFrame.swift; sourceTree = "<group>"; };
		"TEMP_6294FD0C-6232-419D-AE28-DC79851F38F6" /* ColourFormats.swift */ = {isa = PBXFileReference; lastKnownFileType = sourcecode.swift; path = ColourFormats.swift; sourceTree = "<group>"; };
		"TEMP_643D76B0-F50E-4862-984C-D5ABAC9CA925" /* Shortcuts.swift */ = {isa = PBXFileReference; lastKnownFileType = sourcecode.swift; path = Shortcuts.swift; sourceTree = "<group>"; };
		"TEMP_646F0220-BE6F-401E-9B12-EE942B368DDF" /* Modal.swift */ = {isa = PBXFileReference; lastKnownFileType = sourcecode.swift; path = Modal.swift; sourceTree = "<group>"; };
		"TEMP_64ACA521-7047-4E65-B52F-E466ADD35AAF" /* PaletteGroups.swift */ = {isa = PBXFileReference; lastKnownFileType = sourcecode.swift; path = PaletteGroups.swift; sourceTree = "<group>"; };
		"TEMP_6A0AF362-20E0-4AF4-998D-3A12F07C1589" /* StudioSchema.swift */ = {isa = PBXFileReference; lastKnownFileType = sourcecode.swift; path = StudioSchema.swift; sourceTree = "<group>"; };
		"TEMP_70AAB38A-49F0-433C-B3F9-03FCC5EB5ABF" /* Schema.swift */ = {isa = PBXFileReference; lastKnownFileType = sourcecode.swift; path = Schema.swift; sourceTree = "<group>"; };
		"TEMP_7220C6AC-DC6A-4A5C-9813-D5F9358E7D36" /* Purposes.swift */ = {isa = PBXFileReference; lastKnownFileType = sourcecode.swift; path = Purposes.swift; sourceTree = "<group>"; };
		"TEMP_733D82B2-1987-43ED-BCCE-74AFB38E1033" /* AllSwatchesView.swift */ = {isa = PBXFileReference; lastKnownFileType = sourcecode.swift; path = AllSwatchesView.swift; sourceTree = "<group>"; };
		"TEMP_7356B8CF-D738-4450-ADE2-65DC7B1F9E3B" /* StepCards.swift */ = {isa = PBXFileReference; lastKnownFileType = sourcecode.swift; path = StepCards.swift; sourceTree = "<group>"; };
		"TEMP_73CD93D6-1B81-4452-997D-D43FE019613F" /* MainWindow.swift */ = {isa = PBXFileReference; lastKnownFileType = sourcecode.swift; path = MainWindow.swift; sourceTree = "<group>"; };
		"TEMP_76F2B865-C6AE-4682-8946-D7A4B54B98D4" /* Palette.swift */ = {isa = PBXFileReference; lastKnownFileType = sourcecode.swift; path = Palette.swift; sourceTree = "<group>"; };
		"TEMP_79C44F73-FC6E-4B01-99C2-B4392493131E" /* StudioSettings.swift */ = {isa = PBXFileReference; lastKnownFileType = sourcecode.swift; path = StudioSettings.swift; sourceTree = "<group>"; };
		"TEMP_7CFD4452-52E6-454D-81F1-CA43E4AC350C" /* GamutMap.swift */ = {isa = PBXFileReference; lastKnownFileType = sourcecode.swift; path = GamutMap.swift; sourceTree = "<group>"; };
		"TEMP_8BCA2BB7-5CA0-4766-9429-DB1AEDB34037" /* PaneGrip.swift */ = {isa = PBXFileReference; lastKnownFileType = sourcecode.swift; path = PaneGrip.swift; sourceTree = "<group>"; };
		"TEMP_8F6B16B4-4251-4D87-A0C1-DDED563547DA" /* HaloDemo.swift */ = {isa = PBXFileReference; lastKnownFileType = sourcecode.swift; path = HaloDemo.swift; sourceTree = "<group>"; };
		"TEMP_8FD68DC1-2254-4721-85D3-BA7A55D16E1B" /* HistoryRail.swift */ = {isa = PBXFileReference; lastKnownFileType = sourcecode.swift; path = HistoryRail.swift; sourceTree = "<group>"; };
		"TEMP_98EF428C-A14A-4525-BF80-CB80F35FE8BA" /* Histogram.swift */ = {isa = PBXFileReference; lastKnownFileType = sourcecode.swift; path = Histogram.swift; sourceTree = "<group>"; };
		"TEMP_99A382BA-478D-418E-BEB4-E70D0917773E" /* LabContrast.swift */ = {isa = PBXFileReference; lastKnownFileType = sourcecode.swift; path = LabContrast.swift; sourceTree = "<group>"; };
		"TEMP_9C5102A5-E382-4776-AD0D-1E10CBD3CBDF" /* SettingsWindow.swift */ = {isa = PBXFileReference; lastKnownFileType = sourcecode.swift; path = SettingsWindow.swift; sourceTree = "<group>"; };
		"TEMP_9EA896E0-1678-4830-A8C9-0D92E952F6EE" /* LostProject.swift */ = {isa = PBXFileReference; lastKnownFileType = sourcecode.swift; path = LostProject.swift; sourceTree = "<group>"; };
		"TEMP_9F53711E-DC71-4DDD-A8AA-72E757F45450" /* Design.swift */ = {isa = PBXFileReference; lastKnownFileType = sourcecode.swift; path = Design.swift; sourceTree = "<group>"; };
		"TEMP_9FFDA5D2-5B92-4E84-BA19-C8E6628D15C6" /* History.swift */ = {isa = PBXFileReference; lastKnownFileType = sourcecode.swift; path = History.swift; sourceTree = "<group>"; };
		"TEMP_A0D94417-9040-4619-BCEF-3C73662D0F48" /* PaletteView.swift */ = {isa = PBXFileReference; lastKnownFileType = sourcecode.swift; path = PaletteView.swift; sourceTree = "<group>"; };
		"TEMP_A32E3AE5-2304-4DDE-9819-606BF12F4CDA" /* Overview.swift */ = {isa = PBXFileReference; lastKnownFileType = sourcecode.swift; path = Overview.swift; sourceTree = "<group>"; };
		"TEMP_A68EE371-67A4-4F3A-90E5-4ED5F46CF760" /* ColourScience.swift */ = {isa = PBXFileReference; lastKnownFileType = sourcecode.swift; path = ColourScience.swift; sourceTree = "<group>"; };
		"TEMP_A8F7C812-EBCD-4F3C-91B9-BD47E84DF98E" /* Bookmarks.swift */ = {isa = PBXFileReference; lastKnownFileType = sourcecode.swift; path = Bookmarks.swift; sourceTree = "<group>"; };
		"TEMP_AE1E9747-A4B4-4C81-9624-64CF6731E6BF" /* Model.swift */ = {isa = PBXFileReference; lastKnownFileType = sourcecode.swift; path = Model.swift; sourceTree = "<group>"; };
		"TEMP_AF597D60-E509-40CA-A71A-31BC2710B61A" /* PermissionGate.swift */ = {isa = PBXFileReference; lastKnownFileType = sourcecode.swift; path = PermissionGate.swift; sourceTree = "<group>"; };
		"TEMP_B0864EFF-9064-4EAE-B758-CE6046C686AB" /* Controller.swift */ = {isa = PBXFileReference; lastKnownFileType = sourcecode.swift; path = Controller.swift; sourceTree = "<group>"; };
		"TEMP_B4AB1554-3FF8-4A5B-B072-B7DAF7F97E47" /* Prefs.swift */ = {isa = PBXFileReference; lastKnownFileType = sourcecode.swift; path = Prefs.swift; sourceTree = "<group>"; };
		"TEMP_BAFDBD8C-A687-4FB8-A024-22DAFA35937A" /* AdobeHelper.swift */ = {isa = PBXFileReference; lastKnownFileType = sourcecode.swift; path = AdobeHelper.swift; sourceTree = "<group>"; };
		"TEMP_BB25B6D5-762E-4D59-928F-9A45DA520D5C" /* ColourEngine.swift */ = {isa = PBXFileReference; lastKnownFileType = sourcecode.swift; path = ColourEngine.swift; sourceTree = "<group>"; };
		"TEMP_C12DDACB-EE16-4BA8-8FD0-E3B25FABF3D9" /* Analysis.swift */ = {isa = PBXFileReference; lastKnownFileType = sourcecode.swift; path = Analysis.swift; sourceTree = "<group>"; };
		"TEMP_C75367AB-9539-4804-8824-53D6C24C4392" /* Typography.swift */ = {isa = PBXFileReference; lastKnownFileType = sourcecode.swift; path = Typography.swift; sourceTree = "<group>"; };
		"TEMP_CA4B76C5-987F-481B-885F-6431FB38FCE2" /* Helpers.swift */ = {isa = PBXFileReference; lastKnownFileType = sourcecode.swift; path = Helpers.swift; sourceTree = "<group>"; };
		"TEMP_D5CEE157-6D69-4CDE-8ED6-DB4938DD64D2" /* Logo.swift */ = {isa = PBXFileReference; lastKnownFileType = sourcecode.swift; path = Logo.swift; sourceTree = "<group>"; };
		"TEMP_E13E235C-F968-4189-9A7C-00C1AC0A0EA8" /* Sidebar.swift */ = {isa = PBXFileReference; lastKnownFileType = sourcecode.swift; path = Sidebar.swift; sourceTree = "<group>"; };
		"TEMP_EB929470-4606-4B1A-A7CF-92E9DA4BA4D4" /* Exporters.swift */ = {isa = PBXFileReference; lastKnownFileType = sourcecode.swift; path = Exporters.swift; sourceTree = "<group>"; };
		"TEMP_EBECCA84-7FE3-48C2-9645-2BFAF195F004" /* main.swift */ = {isa = PBXFileReference; lastKnownFileType = sourcecode.swift; path = main.swift; sourceTree = "<group>"; };
		"TEMP_EC3E8B24-5BD6-460B-8B9E-B94CB7C804A0" /* Buttons.swift */ = {isa = PBXFileReference; lastKnownFileType = sourcecode.swift; path = Buttons.swift; sourceTree = "<group>"; };
		"TEMP_F06BBBD4-2366-4A90-A4B6-835A5D78B2D1" /* SelfTest.swift */ = {isa = PBXFileReference; lastKnownFileType = sourcecode.swift; path = SelfTest.swift; sourceTree = "<group>"; };
		"TEMP_F24BC346-F66C-4272-9BC5-61533B740024" /* ContextRail.swift */ = {isa = PBXFileReference; lastKnownFileType = sourcecode.swift; path = ContextRail.swift; sourceTree = "<group>"; };
		"TEMP_F3777327-E039-4F75-96E7-513C2E68E585" /* SlideConfirm.swift */ = {isa = PBXFileReference; lastKnownFileType = sourcecode.swift; path = SlideConfirm.swift; sourceTree = "<group>"; };
		"TEMP_F3FC5B02-F2A3-433B-A321-58904BB5B9D5" /* SetupAssistant.swift */ = {isa = PBXFileReference; lastKnownFileType = sourcecode.swift; path = SetupAssistant.swift; sourceTree = "<group>"; };
		"TEMP_FE7CB72D-EA57-41F0-A857-D92A0197E427" /* StudioWindow.swift */ = {isa = PBXFileReference; lastKnownFileType = sourcecode.swift; path = StudioWindow.swift; sourceTree = "<group>"; };
		"TEMP_FF249267-CA08-4EF8-A4F2-BC8CE0A1F857" /* FormMemory.swift */ = {isa = PBXFileReference; lastKnownFileType = sourcecode.swift; path = FormMemory.swift; sourceTree = "<group>"; };
/* End PBXFileReference section */

/* Begin PBXFrameworksBuildPhase section */
		036657CB97DEF882B8BCBBDC /* Frameworks */ = {
			isa = PBXFrameworksBuildPhase;
			buildActionMask = 2147483647;
			files = (
				19ED95443E90D119D82CF625 /* Sparkle.framework in Frameworks */,
			);
			runOnlyForDeploymentPostprocessing = 0;
		};
/* End PBXFrameworksBuildPhase section */

/* Begin PBXGroup section */
		2CA4762E85C4D7435687DA39 = {
			isa = PBXGroup;
			children = (
				A4EDE6FC3C724E1AAD14F48F /* File Icons */,
				82DB9851BEC354A92C16A016 /* AppIcon.icns */,
				54ECDAD04355540B929167BF /* Frameworks */,
				E64104B753590433BA66339E /* Products */,
			);
			sourceTree = "<group>";
		};
		54ECDAD04355540B929167BF /* Frameworks */ = {
			isa = PBXGroup;
			children = (
				762E95D1E3CB1042B906C99B /* Sparkle.framework */,
			);
			name = Frameworks;
			sourceTree = "<group>";
		};
		A4EDE6FC3C724E1AAD14F48F /* File Icons */ = {
			isa = PBXGroup;
			children = (
				2DFCDC69130255E5982DD713 /* col3d.icns */,
				EB6E49A3BE04926823CB4646 /* colcatalogue.icns */,
				E81369EB61078CE37CDC9ED4 /* colcine.icns */,
				7AB0BCF553AF31C8C7ED04BF /* coldata.icns */,
				3B2C8245EBDF362A2D6314C1 /* colhistory.icns */,
				9A4B61E80722813E7F86E917 /* colpalette.icns */,
				66C74BEE330EDC88F61EEE94 /* colphoto.icns */,
				541D52D82EC97CBE186A7E0D /* colprint.icns */,
				16355B29A0F4A6768C99D1C0 /* colproject.icns */,
				77A9E531BD3021E56D38F9B8 /* colspace.icns */,
				9A4DCCCC19843E293EC4DE90 /* colswatch.icns */,
				9641714EF252949898FB6418 /* colsynccatalogue.icns */,
				610EBEF9E60397D933438011 /* colsyncproject.icns */,
				338C98F6E21A0383CB98B85E /* colvideo.icns */,
				5762AC825EB9609956BC1D0C /* colweb.icns */,
			);
			name = "File Icons";
			path = icons;
			sourceTree = "<group>";
		};
		E64104B753590433BA66339E /* Products */ = {
			isa = PBXGroup;
			children = (
				CCF4348E40E2E5057567D4AB /* Colorgain.app */,
			);
			name = Products;
			sourceTree = "<group>";
		};
		"TEMP_FFACA2EE-D640-47C5-9FE3-5D183D777476" /* . */ = {
			isa = PBXGroup;
			children = (
				"TEMP_A8F7C812-EBCD-4F3C-91B9-BD47E84DF98E" /* Bookmarks.swift */,
				"TEMP_C75367AB-9539-4804-8824-53D6C24C4392" /* Typography.swift */,
				"TEMP_38145642-3EB9-40DD-A650-D61798CFDF6B" /* ColourNames.swift */,
				"TEMP_99A382BA-478D-418E-BEB4-E70D0917773E" /* LabContrast.swift */,
				"TEMP_9C5102A5-E382-4776-AD0D-1E10CBD3CBDF" /* SettingsWindow.swift */,
				"TEMP_24E9A6F7-CAF4-4557-82A4-5B72614CD5E6" /* PageHeader.swift */,
				"TEMP_76F2B865-C6AE-4682-8946-D7A4B54B98D4" /* Palette.swift */,
				"TEMP_40A1DE42-A1DB-4A5A-B7FF-4B34A493B04D" /* HaloTrainer.swift */,
				"TEMP_AF597D60-E509-40CA-A71A-31BC2710B61A" /* PermissionGate.swift */,
				"TEMP_AE1E9747-A4B4-4C81-9624-64CF6731E6BF" /* Model.swift */,
				"TEMP_C12DDACB-EE16-4BA8-8FD0-E3B25FABF3D9" /* Analysis.swift */,
				"TEMP_EC3E8B24-5BD6-460B-8B9E-B94CB7C804A0" /* Buttons.swift */,
				"TEMP_6294FD0C-6232-419D-AE28-DC79851F38F6" /* ColourFormats.swift */,
				"TEMP_3431F4D6-D47E-426E-AB7E-B3F23BBF9ACF" /* ProjectFile.swift */,
				"TEMP_733D82B2-1987-43ED-BCCE-74AFB38E1033" /* AllSwatchesView.swift */,
				"TEMP_FF249267-CA08-4EF8-A4F2-BC8CE0A1F857" /* FormMemory.swift */,
				"TEMP_8FD68DC1-2254-4721-85D3-BA7A55D16E1B" /* HistoryRail.swift */,
				"TEMP_A0D94417-9040-4619-BCEF-3C73662D0F48" /* PaletteView.swift */,
				"TEMP_7220C6AC-DC6A-4A5C-9813-D5F9358E7D36" /* Purposes.swift */,
				"TEMP_D5CEE157-6D69-4CDE-8ED6-DB4938DD64D2" /* Logo.swift */,
				"TEMP_F24BC346-F66C-4272-9BC5-61533B740024" /* ContextRail.swift */,
				"TEMP_A68EE371-67A4-4F3A-90E5-4ED5F46CF760" /* ColourScience.swift */,
				"TEMP_BAFDBD8C-A687-4FB8-A024-22DAFA35937A" /* AdobeHelper.swift */,
				"TEMP_FE7CB72D-EA57-41F0-A857-D92A0197E427" /* StudioWindow.swift */,
				"TEMP_269EC472-B1B8-4AC7-98BD-736CBA855AC4" /* Splash.swift */,
				"TEMP_41473FF0-B0CE-45AB-A3CC-54DCCAE2E50C" /* Importers.swift */,
				"TEMP_646F0220-BE6F-401E-9B12-EE942B368DDF" /* Modal.swift */,
				"TEMP_149B2E4E-9553-46F1-8B06-421CF06FB91B" /* Dump.swift */,
				"TEMP_170482C1-19EB-4D35-A127-7D8F75BF432E" /* Sync.swift */,
				"TEMP_98EF428C-A14A-4525-BF80-CB80F35FE8BA" /* Histogram.swift */,
				"TEMP_CA4B76C5-987F-481B-885F-6431FB38FCE2" /* Helpers.swift */,
				"TEMP_6A0AF362-20E0-4AF4-998D-3A12F07C1589" /* StudioSchema.swift */,
				"TEMP_3D35BF14-8883-4187-97D7-A72B4FAC8E54" /* Permissions.swift */,
				"TEMP_2F2704F0-4814-46C7-A4D4-9CC0B6496E8D" /* ColourProfiles.swift */,
				"TEMP_B0864EFF-9064-4EAE-B758-CE6046C686AB" /* Controller.swift */,
				"TEMP_F3FC5B02-F2A3-433B-A321-58904BB5B9D5" /* SetupAssistant.swift */,
				"TEMP_1B16A52B-7B2E-4E2B-814C-46EFDBAF3B88" /* Lab.swift */,
				"TEMP_615B9787-B639-4D84-BAB8-13371AB3EBAA" /* SetupFrame.swift */,
				"TEMP_F3777327-E039-4F75-96E7-513C2E68E585" /* SlideConfirm.swift */,
				"TEMP_8BCA2BB7-5CA0-4766-9429-DB1AEDB34037" /* PaneGrip.swift */,
				"TEMP_A32E3AE5-2304-4DDE-9819-606BF12F4CDA" /* Overview.swift */,
				"TEMP_EB929470-4606-4B1A-A7CF-92E9DA4BA4D4" /* Exporters.swift */,
				"TEMP_1834ACF0-2937-4B3D-AEDE-439118B908F7" /* HaloMenu.swift */,
				"TEMP_548E803C-1A83-49D6-9E6A-247C90DFB8CC" /* ColourIdentity.swift */,
				"TEMP_64ACA521-7047-4E65-B52F-E466ADD35AAF" /* PaletteGroups.swift */,
				"TEMP_7CFD4452-52E6-454D-81F1-CA43E4AC350C" /* GamutMap.swift */,
				"TEMP_F06BBBD4-2366-4A90-A4B6-835A5D78B2D1" /* SelfTest.swift */,
				"TEMP_1F3C74BD-6BBC-4B2F-8024-1EAEAE9A9B1F" /* Tags.swift */,
				"TEMP_4E9015F8-18DB-4A0F-9939-33FBB58FC97F" /* Projects.swift */,
				"TEMP_73CD93D6-1B81-4452-997D-D43FE019613F" /* MainWindow.swift */,
				"TEMP_E13E235C-F968-4189-9A7C-00C1AC0A0EA8" /* Sidebar.swift */,
				"TEMP_BB25B6D5-762E-4D59-928F-9A45DA520D5C" /* ColourEngine.swift */,
				"TEMP_08911290-12D8-44D0-9FDE-5C9E8C32924C" /* Store.swift */,
				"TEMP_48F76D51-9439-407F-8E88-0218A7285865" /* AdobeHelperRules.swift */,
				"TEMP_70AAB38A-49F0-433C-B3F9-03FCC5EB5ABF" /* Schema.swift */,
				"TEMP_1C529319-D02C-427E-8FE3-C6D95850FC43" /* Controls.swift */,
				"TEMP_9EA896E0-1678-4830-A8C9-0D92E952F6EE" /* LostProject.swift */,
				"TEMP_2408EFC5-0BAD-45ED-A3D7-D86E7C8560C9" /* Brand.swift */,
				"TEMP_007DCA8F-ACF6-4F89-A453-D428EE5C4D9B" /* Catalogue.swift */,
				"TEMP_20D35D53-08CE-4B6B-99C1-AD2C7A9B7A29" /* SwatchList.swift */,
				"TEMP_4ACB7BA1-C8D5-4F2D-9728-B00C56B10111" /* NewColour.swift */,
				"TEMP_9FFDA5D2-5B92-4E84-BA19-C8E6628D15C6" /* History.swift */,
				"TEMP_EBECCA84-7FE3-48C2-9645-2BFAF195F004" /* main.swift */,
				"TEMP_8F6B16B4-4251-4D87-A0C1-DDED563547DA" /* HaloDemo.swift */,
				"TEMP_643D76B0-F50E-4862-984C-D5ABAC9CA925" /* Shortcuts.swift */,
				"TEMP_7356B8CF-D738-4450-ADE2-65DC7B1F9E3B" /* StepCards.swift */,
				"TEMP_43D506D3-CAC3-49E9-9FFC-D76E46776983" /* Sampler.swift */,
				"TEMP_3939664B-2498-40BE-9C4D-E3C1789E322C" /* PickIntent.swift */,
				"TEMP_B4AB1554-3FF8-4A5B-B072-B7DAF7F97E47" /* Prefs.swift */,
				"TEMP_9F53711E-DC71-4DDD-A8AA-72E757F45450" /* Design.swift */,
				"TEMP_79C44F73-FC6E-4B01-99C2-B4392493131E" /* StudioSettings.swift */,
			);
			name = .;
			path = .;
			sourceTree = "<group>";
		};
/* End PBXGroup section */

/* Begin PBXNativeTarget section */
		C14B858CE810B15BDD056134 /* Colorgain */ = {
			isa = PBXNativeTarget;
			buildConfigurationList = EE415DFCAC263E35AE8748F7 /* Build configuration list for PBXNativeTarget "Colorgain" */;
			buildPhases = (
				DC288166F5A7D81B2D773B2F /* Sources */,
				7DE6E650583FA9A0B5887053 /* Resources */,
				036657CB97DEF882B8BCBBDC /* Frameworks */,
				2CA7614D488275AB24EEE766 /* Embed Frameworks */,
				788A6039619E9793D5E77E1C /* Stamp the build and add the helper */,
			);
			buildRules = (
			);
			dependencies = (
			);
			name = Colorgain;
			packageProductDependencies = (
			);
			productName = Colorgain;
			productReference = CCF4348E40E2E5057567D4AB /* Colorgain.app */;
			productType = "com.apple.product-type.application";
		};
/* End PBXNativeTarget section */

/* Begin PBXProject section */
		62BD3722E3FD7425C78336E4 /* Project object */ = {
			isa = PBXProject;
			attributes = {
				BuildIndependentTargetsInParallel = YES;
				LastUpgradeCheck = 2700;
				TargetAttributes = {
					C14B858CE810B15BDD056134 = {
						DevelopmentTeam = 6QVKGBRP5J;
						ProvisioningStyle = Manual;
					};
				};
			};
			buildConfigurationList = 78EA27599E47DEC7F9E3DB77 /* Build configuration list for PBXProject "Colorgain" */;
			developmentRegion = en;
			hasScannedForEncodings = 0;
			knownRegions = (
				Base,
				en,
			);
			mainGroup = 2CA4762E85C4D7435687DA39;
			minimizedProjectReferenceProxies = 1;
			preferredProjectObjectVersion = 77;
			productRefGroup = E64104B753590433BA66339E /* Products */;
			projectDirPath = "";
			projectRoot = "";
			targets = (
				C14B858CE810B15BDD056134 /* Colorgain */,
			);
		};
/* End PBXProject section */

/* Begin PBXResourcesBuildPhase section */
		7DE6E650583FA9A0B5887053 /* Resources */ = {
			isa = PBXResourcesBuildPhase;
			buildActionMask = 2147483647;
			files = (
				B3956637F61DBAF44531D4F9 /* AppIcon.icns in Resources */,
				9AD660CCACFC33DBDCB2F721 /* col3d.icns in Resources */,
				64A3E4BA6582B9CEACD138EF /* colcatalogue.icns in Resources */,
				39315CEC9E1BFD8007005D65 /* colcine.icns in Resources */,
				CBB80274DBD545DC1FA26152 /* coldata.icns in Resources */,
				E3E4610CD681F4779936467F /* colhistory.icns in Resources */,
				4B0A52C533A0CC8D1B228303 /* colpalette.icns in Resources */,
				977B382E03DD3DE3BC12F5E7 /* colphoto.icns in Resources */,
				721252012F19045BC90B96B9 /* colprint.icns in Resources */,
				439D756CAE4AB5233371B415 /* colproject.icns in Resources */,
				E147AD10EE94D82A47303550 /* colspace.icns in Resources */,
				F5B7AABA6446ABF161DF70BE /* colswatch.icns in Resources */,
				CA3F9CA0EADA529352948602 /* colsynccatalogue.icns in Resources */,
				C943AD7C36482C540AA463EF /* colsyncproject.icns in Resources */,
				0613910D216007B45089A830 /* colvideo.icns in Resources */,
				1E29FF53B99072A61D148A00 /* colweb.icns in Resources */,
			);
			runOnlyForDeploymentPostprocessing = 0;
		};
/* End PBXResourcesBuildPhase section */

/* Begin PBXShellScriptBuildPhase section */
		788A6039619E9793D5E77E1C /* Stamp the build and add the helper */ = {
			isa = PBXShellScriptBuildPhase;
			alwaysOutOfDate = 1;
			buildActionMask = 2147483647;
			files = (
			);
			inputFileListPaths = (
			);
			inputPaths = (
				"$(TARGET_BUILD_DIR)/$(INFOPLIST_PATH)",
				"$(TARGET_BUILD_DIR)/$(EXECUTABLE_PATH)",
			);
			name = "Stamp the build and add the helper";
			outputFileListPaths = (
			);
			outputPaths = (
			);
			runOnlyForDeploymentPostprocessing = 0;
			shellPath = /bin/bash;
			shellScript = "# The input files put this phase after the property list and the binary are in place; without\n# them Xcode may process Info.plist after the stamp and lose it.\n# What build.sh does after compiling: the build number is the commit count, the commit is\n# stamped for the footer (a \"+\" when Swift files were uncommitted), and the Adobe helper and\n# its daemon plist go into the bundle. Xcode signs the whole bundle after this phase.\nset -euo pipefail\ncd \"$SRCROOT\"\napp=\"$TARGET_BUILD_DIR/$WRAPPER_NAME\"\nplist=\"$app/Contents/Info.plist\"\nif git rev-parse --git-dir >/dev/null 2>&1; then\n    build=\"$(git rev-list --count HEAD)\"\n    commit=\"$(git rev-parse --short HEAD)\"\n    if [ -n \"$(git status --porcelain --untracked-files=no -- '*.swift')\" ]; then commit=\"$commit+\"; fi\n    /usr/libexec/PlistBuddy -c \"Set :CFBundleVersion $build\" \"$plist\"\n    /usr/libexec/PlistBuddy -c \"Delete :ColourBuildCommit\" \"$plist\" 2>/dev/null || true\n    /usr/libexec/PlistBuddy -c \"Add :ColourBuildCommit string $commit\" \"$plist\"\nfi\nhelper=\"$app/Contents/MacOS/MMFFDevColour3Helper\"\nid=\"com.mmffdev.mmffdevcolour3.helper\"\nif [ ! -f \"$helper\" ] || [ helper/main.swift -nt \"$helper\" ] || [ AdobeHelperRules.swift -nt \"$helper\" ]; then\n    xcrun swiftc -O helper/main.swift AdobeHelperRules.swift -o \"$helper\"\nfi\nmkdir -p \"$app/Contents/Library/LaunchDaemons\"\ncp \"helper/$id.plist\" \"$app/Contents/Library/LaunchDaemons/$id.plist\"\nif [ -n \"${EXPANDED_CODE_SIGN_IDENTITY:-}\" ] && [ \"$EXPANDED_CODE_SIGN_IDENTITY\" != \"-\" ]; then\n    codesign --force --options runtime --timestamp --identifier \"$id\" --sign \"$EXPANDED_CODE_SIGN_IDENTITY\" \"$helper\"\nelse\n    codesign --force --identifier \"$id\" --sign - \"$helper\"\nfi\n";
		};
/* End PBXShellScriptBuildPhase section */

/* Begin PBXSourcesBuildPhase section */
		DC288166F5A7D81B2D773B2F /* Sources */ = {
			isa = PBXSourcesBuildPhase;
			buildActionMask = 2147483647;
			files = (
				726E154A018911B011E8485D /* AdobeHelper.swift in Sources */,
				C9EF81B69AF1D8898B885FE1 /* AdobeHelperRules.swift in Sources */,
				AB512B8EF91122D64BDC64BF /* AllSwatchesView.swift in Sources */,
				C8EED062B6B25BA4665358FC /* Analysis.swift in Sources */,
				B372A804138ABF9280ECC400 /* Bookmarks.swift in Sources */,
				ACCEC4061C53BAE069102074 /* Brand.swift in Sources */,
				9B8B51A17C22170EEF0B0022 /* Buttons.swift in Sources */,
				17993811BCA3EED7A940A068 /* Catalogue.swift in Sources */,
				20CBC917966D78A8C27FDA56 /* ColourEngine.swift in Sources */,
				AA007928D755786595363036 /* ColourFormats.swift in Sources */,
				1D1885AA38D669FDDD6BEB47 /* ColourIdentity.swift in Sources */,
				C70860ABD0C99B1ACB47EFA5 /* ColourNames.swift in Sources */,
				210B53600005CDA4A07882F2 /* ColourProfiles.swift in Sources */,
				C41E7C22C5126986494992FA /* ColourScience.swift in Sources */,
				6DDCC67A5219AEAEDB04D472 /* ContextRail.swift in Sources */,
				44A5771409911E0BA4C4744F /* Controller.swift in Sources */,
				2AF9ED23EE4E523E9FAD0FC0 /* Controls.swift in Sources */,
				8E0F6598B2A8C9D3F7786C65 /* Design.swift in Sources */,
				B4F0F05FD86FA9EFD8BDA1A1 /* Dump.swift in Sources */,
				7DF3FA0FACA5C93F3571C9ED /* Exporters.swift in Sources */,
				73119374CC5A59D1C8D4D2EE /* FormMemory.swift in Sources */,
				0CEFDEA98282599490B095C5 /* GamutMap.swift in Sources */,
				4FDE6A604021C1519F9AFCD0 /* HaloDemo.swift in Sources */,
				9BE12D70FEC2A4BD08A6EFEB /* HaloMenu.swift in Sources */,
				E62FA37CE1C3C3E3FBA93B11 /* HaloTrainer.swift in Sources */,
				A8FDC2C2B7C73731C6EA7C28 /* Helpers.swift in Sources */,
				D472BEEB9F77A3DE83558BEF /* Histogram.swift in Sources */,
				E4169058F2C76D999E58EAC9 /* History.swift in Sources */,
				66D115EC769C3BB8B6C3BD02 /* HistoryRail.swift in Sources */,
				65ABEBBD31320CA1E7265113 /* Importers.swift in Sources */,
				FBA4F67B6F0AEB4D658BCC10 /* Lab.swift in Sources */,
				47A6A5F59FFBD756E14E54C7 /* LabContrast.swift in Sources */,
				B8A7139AC46A85D2E19C17B1 /* Logo.swift in Sources */,
				A14E2BB1B06046BDAEF8EA1E /* LostProject.swift in Sources */,
				82817C05E3415097C2EA2960 /* MainWindow.swift in Sources */,
				453E14E279AB19A7B93A4F39 /* Modal.swift in Sources */,
				7A11FD7C57B479A864E42AA6 /* Model.swift in Sources */,
				4CDF21DDC6FB10C3BC083156 /* NewColour.swift in Sources */,
				AE8F351C6569453CFDB13F86 /* Overview.swift in Sources */,
				A5A263F9D2B57E2355B34D9A /* PageHeader.swift in Sources */,
				0D728EC489C14774D73B2B6A /* Palette.swift in Sources */,
				57FD2F64B22704B1BB0B0F9D /* PaletteGroups.swift in Sources */,
				F0A4164FB24C773B1A326833 /* PaletteView.swift in Sources */,
				8C48C772BA5CF3407D13C697 /* PaneGrip.swift in Sources */,
				50C992DA39A05B944CF974D8 /* PermissionGate.swift in Sources */,
				754DFFE72BC99DB6C88BE04F /* Permissions.swift in Sources */,
				07657EC2DF25530A797D16B6 /* PickIntent.swift in Sources */,
				4099FAF2A711E28758569A3F /* Prefs.swift in Sources */,
				61FE760A0831B80D12938348 /* ProjectFile.swift in Sources */,
				FBA68DDD7709E2CF788A3A52 /* Projects.swift in Sources */,
				ECC0782B18A36CE54A92CE3F /* Purposes.swift in Sources */,
				803A3154D706B59BC927A1E4 /* Sampler.swift in Sources */,
				1789F3551027DA227F6CA5BD /* Schema.swift in Sources */,
				9AE0273DD7711919E3989F89 /* SelfTest.swift in Sources */,
				EFA10E03E753C8E24F910E4F /* SettingsWindow.swift in Sources */,
				B7EEE7672F78066FDAF017CB /* SetupAssistant.swift in Sources */,
				251C2C21BE054E63D660F937 /* SetupFrame.swift in Sources */,
				BC4627CCDCBAF7EEACD7EAC1 /* Shortcuts.swift in Sources */,
				24DBEAA55101833A59AAA23C /* Sidebar.swift in Sources */,
				C101B0D14D9126E7084FE604 /* SlideConfirm.swift in Sources */,
				D133C2BD04C9E4A6BF519BD9 /* Splash.swift in Sources */,
				26D5F5B9063A8A0F3F3877E8 /* StepCards.swift in Sources */,
				7FC8821973F2EB369F446145 /* Store.swift in Sources */,
				5592B37998C5F788DE57170E /* StudioSchema.swift in Sources */,
				4C5C3B5A4BB44F4D9D07C691 /* StudioSettings.swift in Sources */,
				8FB0F2879A1542F7CAA3F25F /* StudioWindow.swift in Sources */,
				9B1926ABCB691BB25B8D2891 /* SwatchList.swift in Sources */,
				5E408F313AD600294195F147 /* Sync.swift in Sources */,
				760FCA9C32E0F32FFEE499E9 /* Tags.swift in Sources */,
				BB921070107ED476AB0E92E0 /* Typography.swift in Sources */,
				89AE289D2855C122D36F59D7 /* main.swift in Sources */,
			);
			runOnlyForDeploymentPostprocessing = 0;
		};
/* End PBXSourcesBuildPhase section */

/* Begin XCBuildConfiguration section */
		403515DEBCF332CD51058962 /* Release */ = {
			isa = XCBuildConfiguration;
			buildSettings = {
				ALWAYS_SEARCH_USER_PATHS = NO;
				CLANG_ANALYZER_NONNULL = YES;
				CLANG_ANALYZER_NUMBER_OBJECT_CONVERSION = YES_AGGRESSIVE;
				CLANG_CXX_LANGUAGE_STANDARD = "gnu++14";
				CLANG_CXX_LIBRARY = "libc++";
				CLANG_ENABLE_MODULES = YES;
				CLANG_ENABLE_OBJC_ARC = YES;
				CLANG_ENABLE_OBJC_WEAK = YES;
				CLANG_WARN_BLOCK_CAPTURE_AUTORELEASING = YES;
				CLANG_WARN_BOOL_CONVERSION = YES;
				CLANG_WARN_COMMA = YES;
				CLANG_WARN_CONSTANT_CONVERSION = YES;
				CLANG_WARN_DEPRECATED_OBJC_IMPLEMENTATIONS = YES;
				CLANG_WARN_DIRECT_OBJC_ISA_USAGE = YES_ERROR;
				CLANG_WARN_DOCUMENTATION_COMMENTS = YES;
				CLANG_WARN_EMPTY_BODY = YES;
				CLANG_WARN_ENUM_CONVERSION = YES;
				CLANG_WARN_INFINITE_RECURSION = YES;
				CLANG_WARN_INT_CONVERSION = YES;
				CLANG_WARN_NON_LITERAL_NULL_CONVERSION = YES;
				CLANG_WARN_OBJC_IMPLICIT_RETAIN_SELF = YES;
				CLANG_WARN_OBJC_LITERAL_CONVERSION = YES;
				CLANG_WARN_OBJC_ROOT_CLASS = YES_ERROR;
				CLANG_WARN_QUOTED_INCLUDE_IN_FRAMEWORK_HEADER = YES;
				CLANG_WARN_RANGE_LOOP_ANALYSIS = YES;
				CLANG_WARN_STRICT_PROTOTYPES = YES;
				CLANG_WARN_SUSPICIOUS_MOVE = YES;
				CLANG_WARN_UNGUARDED_AVAILABILITY = YES_AGGRESSIVE;
				CLANG_WARN_UNREACHABLE_CODE = YES;
				CLANG_WARN__DUPLICATE_METHOD_MATCH = YES;
				COPY_PHASE_STRIP = NO;
				CURRENT_PROJECT_VERSION = 1;
				DEBUG_INFORMATION_FORMAT = "dwarf-with-dsym";
				DEVELOPMENT_TEAM = 6QVKGBRP5J;
				ENABLE_NS_ASSERTIONS = NO;
				ENABLE_STRICT_OBJC_MSGSEND = YES;
				GCC_C_LANGUAGE_STANDARD = gnu11;
				GCC_NO_COMMON_BLOCKS = YES;
				GCC_WARN_64_TO_32_BIT_CONVERSION = YES;
				GCC_WARN_ABOUT_RETURN_TYPE = YES_ERROR;
				GCC_WARN_UNDECLARED_SELECTOR = YES;
				GCC_WARN_UNINITIALIZED_AUTOS = YES_AGGRESSIVE;
				GCC_WARN_UNUSED_FUNCTION = YES;
				GCC_WARN_UNUSED_VARIABLE = YES;
				MACOSX_DEPLOYMENT_TARGET = 26.0;
				MARKETING_VERSION = 3.0;
				MTL_ENABLE_DEBUG_INFO = NO;
				MTL_FAST_MATH = YES;
				PRODUCT_NAME = "$(TARGET_NAME)";
				SDKROOT = macosx;
				SWIFT_COMPILATION_MODE = wholemodule;
				SWIFT_OPTIMIZATION_LEVEL = "-O";
				SWIFT_VERSION = 5.0;
			};
			name = Release;
		};
		538B87C245BE0470C37C9249 /* Debug */ = {
			isa = XCBuildConfiguration;
			buildSettings = {
				ASSETCATALOG_COMPILER_APPICON_NAME = AppIcon;
				CODE_SIGN_IDENTITY = "Developer ID Application";
				CODE_SIGN_STYLE = Manual;
				COMBINE_HIDPI_IMAGES = YES;
				ENABLE_APP_SANDBOX = NO;
				ENABLE_HARDENED_RUNTIME = YES;
				ENABLE_USER_SCRIPT_SANDBOXING = NO;
				EXECUTABLE_NAME = MMFFDevColour3;
				FRAMEWORK_SEARCH_PATHS = (
					"$(inherited)",
					"\"vendor/Sparkle\"",
				);
				GENERATE_INFOPLIST_FILE = NO;
				INFOPLIST_FILE = "$(SRCROOT)/Info.plist";
				LD_RUNPATH_SEARCH_PATHS = "@executable_path/../Frameworks";
				MACOSX_DEPLOYMENT_TARGET = 26.0;
				PRODUCT_BUNDLE_IDENTIFIER = com.mmffdev.mmffdevcolour3;
				PRODUCT_NAME = "MMFFDev Colour 3";
				PROVISIONING_PROFILE_SPECIFIER = "";
				SDKROOT = macosx;
				SWIFT_ACTIVE_COMPILATION_CONDITIONS = DEBUG;
				SWIFT_OPTIMIZATION_LEVEL = "-Onone";
				SWIFT_STRICT_CONCURRENCY = minimal;
			};
			name = Debug;
		};
		666367D554D0BFDA24D91B65 /* Debug */ = {
			isa = XCBuildConfiguration;
			buildSettings = {
				ALWAYS_SEARCH_USER_PATHS = NO;
				CLANG_ANALYZER_NONNULL = YES;
				CLANG_ANALYZER_NUMBER_OBJECT_CONVERSION = YES_AGGRESSIVE;
				CLANG_CXX_LANGUAGE_STANDARD = "gnu++14";
				CLANG_CXX_LIBRARY = "libc++";
				CLANG_ENABLE_MODULES = YES;
				CLANG_ENABLE_OBJC_ARC = YES;
				CLANG_ENABLE_OBJC_WEAK = YES;
				CLANG_WARN_BLOCK_CAPTURE_AUTORELEASING = YES;
				CLANG_WARN_BOOL_CONVERSION = YES;
				CLANG_WARN_COMMA = YES;
				CLANG_WARN_CONSTANT_CONVERSION = YES;
				CLANG_WARN_DEPRECATED_OBJC_IMPLEMENTATIONS = YES;
				CLANG_WARN_DIRECT_OBJC_ISA_USAGE = YES_ERROR;
				CLANG_WARN_DOCUMENTATION_COMMENTS = YES;
				CLANG_WARN_EMPTY_BODY = YES;
				CLANG_WARN_ENUM_CONVERSION = YES;
				CLANG_WARN_INFINITE_RECURSION = YES;
				CLANG_WARN_INT_CONVERSION = YES;
				CLANG_WARN_NON_LITERAL_NULL_CONVERSION = YES;
				CLANG_WARN_OBJC_IMPLICIT_RETAIN_SELF = YES;
				CLANG_WARN_OBJC_LITERAL_CONVERSION = YES;
				CLANG_WARN_OBJC_ROOT_CLASS = YES_ERROR;
				CLANG_WARN_QUOTED_INCLUDE_IN_FRAMEWORK_HEADER = YES;
				CLANG_WARN_RANGE_LOOP_ANALYSIS = YES;
				CLANG_WARN_STRICT_PROTOTYPES = YES;
				CLANG_WARN_SUSPICIOUS_MOVE = YES;
				CLANG_WARN_UNGUARDED_AVAILABILITY = YES_AGGRESSIVE;
				CLANG_WARN_UNREACHABLE_CODE = YES;
				CLANG_WARN__DUPLICATE_METHOD_MATCH = YES;
				COPY_PHASE_STRIP = NO;
				CURRENT_PROJECT_VERSION = 1;
				DEBUG_INFORMATION_FORMAT = dwarf;
				DEVELOPMENT_TEAM = 6QVKGBRP5J;
				ENABLE_STRICT_OBJC_MSGSEND = YES;
				ENABLE_TESTABILITY = YES;
				GCC_C_LANGUAGE_STANDARD = gnu11;
				GCC_DYNAMIC_NO_PIC = NO;
				GCC_NO_COMMON_BLOCKS = YES;
				GCC_OPTIMIZATION_LEVEL = 0;
				GCC_PREPROCESSOR_DEFINITIONS = (
					"$(inherited)",
					"DEBUG=1",
				);
				GCC_WARN_64_TO_32_BIT_CONVERSION = YES;
				GCC_WARN_ABOUT_RETURN_TYPE = YES_ERROR;
				GCC_WARN_UNDECLARED_SELECTOR = YES;
				GCC_WARN_UNINITIALIZED_AUTOS = YES_AGGRESSIVE;
				GCC_WARN_UNUSED_FUNCTION = YES;
				GCC_WARN_UNUSED_VARIABLE = YES;
				MACOSX_DEPLOYMENT_TARGET = 26.0;
				MARKETING_VERSION = 3.0;
				MTL_ENABLE_DEBUG_INFO = INCLUDE_SOURCE;
				MTL_FAST_MATH = YES;
				ONLY_ACTIVE_ARCH = YES;
				PRODUCT_NAME = "$(TARGET_NAME)";
				SDKROOT = macosx;
				SWIFT_ACTIVE_COMPILATION_CONDITIONS = DEBUG;
				SWIFT_OPTIMIZATION_LEVEL = "-Onone";
				SWIFT_VERSION = 5.0;
			};
			name = Debug;
		};
		CA30FEDE26C90E3E88939FF4 /* Release */ = {
			isa = XCBuildConfiguration;
			buildSettings = {
				ASSETCATALOG_COMPILER_APPICON_NAME = AppIcon;
				CODE_SIGN_IDENTITY = "Developer ID Application";
				CODE_SIGN_STYLE = Manual;
				COMBINE_HIDPI_IMAGES = YES;
				ENABLE_APP_SANDBOX = NO;
				ENABLE_HARDENED_RUNTIME = YES;
				ENABLE_USER_SCRIPT_SANDBOXING = NO;
				EXECUTABLE_NAME = MMFFDevColour3;
				FRAMEWORK_SEARCH_PATHS = (
					"$(inherited)",
					"\"vendor/Sparkle\"",
				);
				GENERATE_INFOPLIST_FILE = NO;
				INFOPLIST_FILE = "$(SRCROOT)/Info.plist";
				LD_RUNPATH_SEARCH_PATHS = "@executable_path/../Frameworks";
				MACOSX_DEPLOYMENT_TARGET = 26.0;
				PRODUCT_BUNDLE_IDENTIFIER = com.mmffdev.mmffdevcolour3;
				PRODUCT_NAME = "MMFFDev Colour 3";
				PROVISIONING_PROFILE_SPECIFIER = "";
				SDKROOT = macosx;
				SWIFT_OPTIMIZATION_LEVEL = "-O";
				SWIFT_STRICT_CONCURRENCY = minimal;
			};
			name = Release;
		};
/* End XCBuildConfiguration section */

/* Begin XCConfigurationList section */
		78EA27599E47DEC7F9E3DB77 /* Build configuration list for PBXProject "Colorgain" */ = {
			isa = XCConfigurationList;
			buildConfigurations = (
				666367D554D0BFDA24D91B65 /* Debug */,
				403515DEBCF332CD51058962 /* Release */,
			);
			defaultConfigurationIsVisible = 0;
			defaultConfigurationName = Debug;
		};
		EE415DFCAC263E35AE8748F7 /* Build configuration list for PBXNativeTarget "Colorgain" */ = {
			isa = XCConfigurationList;
			buildConfigurations = (
				538B87C245BE0470C37C9249 /* Debug */,
				CA30FEDE26C90E3E88939FF4 /* Release */,
			);
			defaultConfigurationIsVisible = 0;
			defaultConfigurationName = Debug;
		};
/* End XCConfigurationList section */
	};
	rootObject = 62BD3722E3FD7425C78336E4 /* Project object */;
}
