// !$*UTF8*$!
{
	archiveVersion = 1;
	classes = {
	};
	objectVersion = 77;
	objects = {

/* Begin PBXBuildFile section */
		032643CA9538BEA8C6D9D3D5 /* Shortcuts.swift in Sources */ = {isa = PBXBuildFile; fileRef = "TEMP_DEDB2DC5-0FF3-4C0E-9270-988070A153D2" /* Shortcuts.swift */; };
		05C94BA7F7393360FFA128A7 /* Model.swift in Sources */ = {isa = PBXBuildFile; fileRef = "TEMP_AE2D608A-5B2B-4A9C-A63F-5943F6DE6E33" /* Model.swift */; };
		0613910D216007B45089A830 /* colvideo.icns in Resources */ = {isa = PBXBuildFile; fileRef = 338C98F6E21A0383CB98B85E /* colvideo.icns */; };
		06B84989B007206F578E5F14 /* HaloMenu.swift in Sources */ = {isa = PBXBuildFile; fileRef = "TEMP_7D2B8381-33E8-4CA6-A0BE-8FADB053FEC4" /* HaloMenu.swift */; };
		0AFAFA7A3975089BA49D2ABE /* Permissions.swift in Sources */ = {isa = PBXBuildFile; fileRef = "TEMP_C935A448-CC06-47B3-B5A8-0EEA10518296" /* Permissions.swift */; };
		0B346BEE5C4C03000C1CCD65 /* GamutMap.swift in Sources */ = {isa = PBXBuildFile; fileRef = "TEMP_48C3C6F1-A956-494C-B3B7-B6F7ABB8558A" /* GamutMap.swift */; };
		0B87DCBFBFD00CAD4EA753D8 /* PaneGrip.swift in Sources */ = {isa = PBXBuildFile; fileRef = "TEMP_4D060ECE-B268-45B6-82AA-5D61CD613433" /* PaneGrip.swift */; };
		0F1E68BA4C75E4F76FEAC8A1 /* StudioSettings.swift in Sources */ = {isa = PBXBuildFile; fileRef = "TEMP_40651E42-6818-4D09-BCB0-E323D1824034" /* StudioSettings.swift */; };
		10C94515875DEF61C2F9B0E2 /* ProjectFile.swift in Sources */ = {isa = PBXBuildFile; fileRef = "TEMP_2FDE2F07-8DD2-4FCB-AF6E-8F75D2178306" /* ProjectFile.swift */; };
		1600790B84557CC6C8DC924F /* AllSwatchesView.swift in Sources */ = {isa = PBXBuildFile; fileRef = "TEMP_FDB83E04-0AC1-4876-B2FC-C88FA7FD393C" /* AllSwatchesView.swift */; };
		17C01F2B9CAC0D632195CA24 /* Brand.swift in Sources */ = {isa = PBXBuildFile; fileRef = "TEMP_4A30E845-1050-4E84-9DAF-A0148E39A94A" /* Brand.swift */; };
		19761CD426ABFF9ED67FE33E /* ColourFormats.swift in Sources */ = {isa = PBXBuildFile; fileRef = "TEMP_79A335A0-FC03-4A8E-A79F-7A300A0CD598" /* ColourFormats.swift */; };
		19ED95443E90D119D82CF625 /* Sparkle.framework in Frameworks */ = {isa = PBXBuildFile; fileRef = 762E95D1E3CB1042B906C99B /* Sparkle.framework */; };
		1A0F9F91E8771F1949113CEF /* Buttons.swift in Sources */ = {isa = PBXBuildFile; fileRef = "TEMP_CC60FA5D-665F-4BA8-990C-76C88C6E2438" /* Buttons.swift */; };
		1E29FF53B99072A61D148A00 /* colweb.icns in Resources */ = {isa = PBXBuildFile; fileRef = 5762AC825EB9609956BC1D0C /* colweb.icns */; };
		21C8794069AA891F31EAACAB /* Schema.swift in Sources */ = {isa = PBXBuildFile; fileRef = "TEMP_55E63D36-01DC-4F51-946A-7811A0E4DFAD" /* Schema.swift */; };
		2240C4C8528005C63512EC83 /* ColourIdentity.swift in Sources */ = {isa = PBXBuildFile; fileRef = "TEMP_950C510E-0839-4EBA-A7CF-1835735C8AEB" /* ColourIdentity.swift */; };
		26CB8837A065861C69B3E110 /* Exporters.swift in Sources */ = {isa = PBXBuildFile; fileRef = "TEMP_08D1C150-01CC-421E-B4EB-4CEBC8D98565" /* Exporters.swift */; };
		295DC7CE6EBEC21F3DF5A244 /* Sampler.swift in Sources */ = {isa = PBXBuildFile; fileRef = "TEMP_EC3FB282-A01F-4AFD-B033-0C405E987667" /* Sampler.swift */; };
		33BE7812C115DDF0BEF81B88 /* Sidebar.swift in Sources */ = {isa = PBXBuildFile; fileRef = "TEMP_39A2135B-A3EC-40E8-8944-E6CECB5FAE86" /* Sidebar.swift */; };
		39315CEC9E1BFD8007005D65 /* colcine.icns in Resources */ = {isa = PBXBuildFile; fileRef = E81369EB61078CE37CDC9ED4 /* colcine.icns */; };
		3AD0E58F458898A842BA3E6E /* Analysis.swift in Sources */ = {isa = PBXBuildFile; fileRef = "TEMP_88192388-5806-43EF-BE13-1C9C21F22548" /* Analysis.swift */; };
		40DCC7220EFD7C580740BABD /* PickIntent.swift in Sources */ = {isa = PBXBuildFile; fileRef = "TEMP_DEA6CFEA-920A-41E5-86CC-95D2EFD9A6BE" /* PickIntent.swift */; };
		439D756CAE4AB5233371B415 /* colproject.icns in Resources */ = {isa = PBXBuildFile; fileRef = 16355B29A0F4A6768C99D1C0 /* colproject.icns */; };
		443E2B21FAEA32943CBF9E2E /* ColourScience.swift in Sources */ = {isa = PBXBuildFile; fileRef = "TEMP_455F7A9A-EDD2-4B32-A843-A38C596A6878" /* ColourScience.swift */; };
		44546D8833C1AA4D0BAC3E88 /* StudioContrast.swift in Sources */ = {isa = PBXBuildFile; fileRef = "TEMP_DB96FABD-F7B6-4403-BA6B-0C160BC8CEDF" /* StudioContrast.swift */; };
		467C4808B52B536CBA1C8372 /* Store.swift in Sources */ = {isa = PBXBuildFile; fileRef = "TEMP_BFE3A16B-28D9-4845-B256-C2EB7B737BC4" /* Store.swift */; };
		4752CE2B15573FFE01BF077F /* LostProject.swift in Sources */ = {isa = PBXBuildFile; fileRef = "TEMP_E6504A9B-6EAD-41B9-B2B0-6CC44DE916EC" /* LostProject.swift */; };
		4B0A52C533A0CC8D1B228303 /* colpalette.icns in Resources */ = {isa = PBXBuildFile; fileRef = 9A4B61E80722813E7F86E917 /* colpalette.icns */; };
		4FCE4C55033CFBF3BB9F1F6A /* History.swift in Sources */ = {isa = PBXBuildFile; fileRef = "TEMP_9F6FAD53-2330-4F2C-B386-DF6A4BBA1055" /* History.swift */; };
		51A7CD69FA7E83A491720CC3 /* Purposes.swift in Sources */ = {isa = PBXBuildFile; fileRef = "TEMP_0BBE6FC0-44DA-4112-9AB3-FEB256BFD51D" /* Purposes.swift */; };
		51E19D6FEC5B7CF7C7A7ADE8 /* StudioSchema.swift in Sources */ = {isa = PBXBuildFile; fileRef = "TEMP_1009FEDE-9B50-45B7-8EC1-52E921EC336A" /* StudioSchema.swift */; };
		5766F62A8B25A541D80C2D4C /* Helpers.swift in Sources */ = {isa = PBXBuildFile; fileRef = "TEMP_5D08285A-E525-4EFE-8A29-39167DF50B85" /* Helpers.swift */; };
		59C50C9A281C866CDFDCB14E /* HaloTrainer.swift in Sources */ = {isa = PBXBuildFile; fileRef = "TEMP_DC045F23-D99F-4E4D-85F8-922C78EF5E41" /* HaloTrainer.swift */; };
		5DD88997E45E324F761EF142 /* SetupFrame.swift in Sources */ = {isa = PBXBuildFile; fileRef = "TEMP_7FFE6EC5-8366-4AB2-B4F8-A9FF98CCD88E" /* SetupFrame.swift */; };
		5F2558286D555B42F1923489 /* SlideConfirm.swift in Sources */ = {isa = PBXBuildFile; fileRef = "TEMP_69FCAA9E-B0FC-4A3F-BFBA-2AFA3BBC6504" /* SlideConfirm.swift */; };
		6082573F580D297C61F245B1 /* HistoryRail.swift in Sources */ = {isa = PBXBuildFile; fileRef = "TEMP_33D24ED7-8175-4CEE-9AD0-10A3E204F47C" /* HistoryRail.swift */; };
		6341C81392E957C3E2C9B8F1 /* SelfTest.swift in Sources */ = {isa = PBXBuildFile; fileRef = "TEMP_EA8B6B8C-6337-445D-9911-897F9B090FA9" /* SelfTest.swift */; };
		64A3E4BA6582B9CEACD138EF /* colcatalogue.icns in Resources */ = {isa = PBXBuildFile; fileRef = EB6E49A3BE04926823CB4646 /* colcatalogue.icns */; };
		721252012F19045BC90B96B9 /* colprint.icns in Resources */ = {isa = PBXBuildFile; fileRef = 541D52D82EC97CBE186A7E0D /* colprint.icns */; };
		762F92AA06018B232FA3003E /* Dump.swift in Sources */ = {isa = PBXBuildFile; fileRef = "TEMP_B0565E1C-0400-4075-9796-403C5FF4B221" /* Dump.swift */; };
		7C45CC6B9266EA703EA76590 /* ColourEngine.swift in Sources */ = {isa = PBXBuildFile; fileRef = "TEMP_083EBD16-1A4A-479B-AE1C-E677E8CAA9EB" /* ColourEngine.swift */; };
		7E6E4998291B4B8B5DA2736B /* Histogram.swift in Sources */ = {isa = PBXBuildFile; fileRef = "TEMP_7F7B6FB6-B2BE-40E7-87B6-0AB714FEC5CC" /* Histogram.swift */; };
		8A66338034D866D9BA062F41 /* Projects.swift in Sources */ = {isa = PBXBuildFile; fileRef = "TEMP_6EABC318-063D-49F0-AC33-47F6DB74F1CE" /* Projects.swift */; };
		8BCFC7492B7733E3E8D76520 /* Importers.swift in Sources */ = {isa = PBXBuildFile; fileRef = "TEMP_CAEDC846-3EDB-44CF-8188-C51768B59F1B" /* Importers.swift */; };
		8D01309212F932D163A918D8 /* HaloDemo.swift in Sources */ = {isa = PBXBuildFile; fileRef = "TEMP_96BF62D9-6708-45EE-9551-DB2503DAF084" /* HaloDemo.swift */; };
		92C0A3B505EF2AA7BD3CDA20 /* Controls.swift in Sources */ = {isa = PBXBuildFile; fileRef = "TEMP_39670AD0-B183-4153-9823-1579F9855335" /* Controls.swift */; };
		93E9356AD889CF89A5B746F3 /* SetupAssistant.swift in Sources */ = {isa = PBXBuildFile; fileRef = "TEMP_5E3D8681-100D-4AC9-9758-D2CE5C6EB9C4" /* SetupAssistant.swift */; };
		957BC1CCC4644BF10C2DCDCA /* ColourProfiles.swift in Sources */ = {isa = PBXBuildFile; fileRef = "TEMP_92CF00C2-0B7E-4368-A352-003F41D8BE2A" /* ColourProfiles.swift */; };
		973EE214062137A9598F2E02 /* PageHeader.swift in Sources */ = {isa = PBXBuildFile; fileRef = "TEMP_8D049E86-1FB5-4554-BC0C-150746950D9E" /* PageHeader.swift */; };
		977B382E03DD3DE3BC12F5E7 /* colphoto.icns in Resources */ = {isa = PBXBuildFile; fileRef = 66C74BEE330EDC88F61EEE94 /* colphoto.icns */; };
		9AD660CCACFC33DBDCB2F721 /* col3d.icns in Resources */ = {isa = PBXBuildFile; fileRef = 2DFCDC69130255E5982DD713 /* col3d.icns */; };
		9CCB072A23BA69B37A4B4FC9 /* StudioLab.swift in Sources */ = {isa = PBXBuildFile; fileRef = "TEMP_4299BE97-C270-484B-A0EC-FFCDF147932C" /* StudioLab.swift */; };
		A1B9A931602F6AFA903ACE12 /* ContextRail.swift in Sources */ = {isa = PBXBuildFile; fileRef = "TEMP_9D5B2622-19AF-4397-A425-459596E5EFC1" /* ContextRail.swift */; };
		A36D8F31E2CF838FEFBEC626 /* Sparkle.framework in Embed Frameworks */ = {isa = PBXBuildFile; fileRef = 762E95D1E3CB1042B906C99B /* Sparkle.framework */; settings = {ATTRIBUTES = (CodeSignOnCopy, RemoveHeadersOnCopy, ); }; };
		A39E3660D0C31CEBC03F5CEE /* Splash.swift in Sources */ = {isa = PBXBuildFile; fileRef = "TEMP_E5BED4DD-78C3-4257-B649-755CE7E6D905" /* Splash.swift */; };
		A49E6C5661D26203460255C5 /* Design.swift in Sources */ = {isa = PBXBuildFile; fileRef = "TEMP_17A5BEB7-EADC-4F97-ABA5-A9433B5ED0A7" /* Design.swift */; };
		A5B6AFF290088B2A60A3E905 /* AdobeHelper.swift in Sources */ = {isa = PBXBuildFile; fileRef = "TEMP_1B56CE93-30C6-4572-BE20-EE601ED0FD09" /* AdobeHelper.swift */; };
		A78C3A680265FC29F35E2B3A /* Controller.swift in Sources */ = {isa = PBXBuildFile; fileRef = "TEMP_9B318076-2069-40B9-B0E8-54BA4A299098" /* Controller.swift */; };
		A92DEB92F839D4B6FBE21002 /* FormMemory.swift in Sources */ = {isa = PBXBuildFile; fileRef = "TEMP_DA5E93AA-B826-47AE-973D-33BC855CDF86" /* FormMemory.swift */; };
		AB6250E729F6439C1D9F9072 /* StepCards.swift in Sources */ = {isa = PBXBuildFile; fileRef = "TEMP_E3704A98-318C-464A-BA5C-8F3F3457A8AD" /* StepCards.swift */; };
		AF935513FD075AB4253BD706 /* main.swift in Sources */ = {isa = PBXBuildFile; fileRef = "TEMP_7A7D39B2-7E2C-4296-B281-6FB562710195" /* main.swift */; };
		B3956637F61DBAF44531D4F9 /* AppIcon.icns in Resources */ = {isa = PBXBuildFile; fileRef = 82DB9851BEC354A92C16A016 /* AppIcon.icns */; };
		B3F973FF4965E663645A4BE5 /* SwatchList.swift in Sources */ = {isa = PBXBuildFile; fileRef = "TEMP_04947EDA-612C-4DD3-845D-AB81D74BC36B" /* SwatchList.swift */; };
		BA990D53FAE50970BFD8D579 /* Catalogue.swift in Sources */ = {isa = PBXBuildFile; fileRef = "TEMP_02441052-EDFE-4DE0-AC6E-AD2895B03008" /* Catalogue.swift */; };
		BE9012F34EDFB5B6F91F978E /* StudioTags.swift in Sources */ = {isa = PBXBuildFile; fileRef = "TEMP_7460014B-600B-4B73-A841-92C111821746" /* StudioTags.swift */; };
		BEC51AE7C67D069A04D901C7 /* Modal.swift in Sources */ = {isa = PBXBuildFile; fileRef = "TEMP_F32DA605-C4F4-4FEE-A176-5431EB6B86AC" /* Modal.swift */; };
		C19063E406FA19E762D3301E /* NewColour.swift in Sources */ = {isa = PBXBuildFile; fileRef = "TEMP_0989DFD8-7B8C-4D44-B45F-02A529FE6DB6" /* NewColour.swift */; };
		C55914C978B28F3A4F08F9DE /* ColourNames.swift in Sources */ = {isa = PBXBuildFile; fileRef = "TEMP_B2E1B9DB-C1A9-4499-904A-0D5BBA2F7FDA" /* ColourNames.swift */; };
		C5795ECBDD5CF4A49204F1AD /* StudioWindow.swift in Sources */ = {isa = PBXBuildFile; fileRef = "TEMP_59ED6EDD-16C1-4BFD-9FF8-2A04F5BC6C43" /* StudioWindow.swift */; };
		C943AD7C36482C540AA463EF /* colsyncproject.icns in Resources */ = {isa = PBXBuildFile; fileRef = 610EBEF9E60397D933438011 /* colsyncproject.icns */; };
		CA3F9CA0EADA529352948602 /* colsynccatalogue.icns in Resources */ = {isa = PBXBuildFile; fileRef = 9641714EF252949898FB6418 /* colsynccatalogue.icns */; };
		CBB80274DBD545DC1FA26152 /* coldata.icns in Resources */ = {isa = PBXBuildFile; fileRef = 7AB0BCF553AF31C8C7ED04BF /* coldata.icns */; };
		D6EB5AAE6379C986215E1F93 /* Logo.swift in Sources */ = {isa = PBXBuildFile; fileRef = "TEMP_2ABEBC77-2C12-4B13-9B99-86C92CB104CE" /* Logo.swift */; };
		D95D690F8941F14206680A0A /* LabContrast.swift in Sources */ = {isa = PBXBuildFile; fileRef = "TEMP_958548E7-88CF-4926-A7FE-8DE05B255953" /* LabContrast.swift */; };
		DDC9CF18B6B60328176B9FC7 /* Palette.swift in Sources */ = {isa = PBXBuildFile; fileRef = "TEMP_8B9EE89E-99A9-4806-8A7D-8A515D5605E9" /* Palette.swift */; };
		E147AD10EE94D82A47303550 /* colspace.icns in Resources */ = {isa = PBXBuildFile; fileRef = 77A9E531BD3021E56D38F9B8 /* colspace.icns */; };
		E3E4610CD681F4779936467F /* colhistory.icns in Resources */ = {isa = PBXBuildFile; fileRef = 3B2C8245EBDF362A2D6314C1 /* colhistory.icns */; };
		E85AD30DC8E853305215116F /* Overview.swift in Sources */ = {isa = PBXBuildFile; fileRef = "TEMP_CB9F9DB1-57CF-440E-83A9-8276387FB456" /* Overview.swift */; };
		EB947059E5A88437920D400A /* Tags.swift in Sources */ = {isa = PBXBuildFile; fileRef = "TEMP_753CED9B-E0C2-4B04-8DB7-B9375D4619C0" /* Tags.swift */; };
		EBA83DB3411737EB5763EDAC /* MainWindow.swift in Sources */ = {isa = PBXBuildFile; fileRef = "TEMP_D44CCC5A-71A5-416E-B232-0AFE74D89E60" /* MainWindow.swift */; };
		EC9E5684CBD245A2738C6DA5 /* Typography.swift in Sources */ = {isa = PBXBuildFile; fileRef = "TEMP_7B61E215-3903-4768-B4AE-AB2AEF0B3DEB" /* Typography.swift */; };
		EE1730A88A68DB094CBAB50D /* PaletteGroups.swift in Sources */ = {isa = PBXBuildFile; fileRef = "TEMP_7C06B517-911A-46C2-9EC3-D1CE690F1416" /* PaletteGroups.swift */; };
		EF147938F0BAFAFE59829E63 /* PaletteView.swift in Sources */ = {isa = PBXBuildFile; fileRef = "TEMP_FE456799-BC0B-4570-A0CF-16E5D3433CB3" /* PaletteView.swift */; };
		F441D58D308F724929D1BDAF /* Lab.swift in Sources */ = {isa = PBXBuildFile; fileRef = "TEMP_369F696A-02B3-4E3C-9823-DE3F1A676545" /* Lab.swift */; };
		F5B7AABA6446ABF161DF70BE /* colswatch.icns in Resources */ = {isa = PBXBuildFile; fileRef = 9A4DCCCC19843E293EC4DE90 /* colswatch.icns */; };
		F79CF21F6F8DDADF6EF292C6 /* SettingsWindow.swift in Sources */ = {isa = PBXBuildFile; fileRef = "TEMP_AD4902E6-85BA-4DC1-B0FE-62E1E0B33154" /* SettingsWindow.swift */; };
		F8AF607E28AB0BB3CE9EA678 /* Bookmarks.swift in Sources */ = {isa = PBXBuildFile; fileRef = "TEMP_A57D77F9-1447-4077-BD3A-9CB60122988D" /* Bookmarks.swift */; };
		FAAF3A708533E3D8FCEA72F4 /* PermissionGate.swift in Sources */ = {isa = PBXBuildFile; fileRef = "TEMP_E6EFFF4F-9931-4700-8217-8ADB4F75DB2B" /* PermissionGate.swift */; };
		FC908513AE348AAAC106A5AA /* AdobeHelperRules.swift in Sources */ = {isa = PBXBuildFile; fileRef = "TEMP_B02EE8F4-467F-45B2-AF73-CD5075E6ED3A" /* AdobeHelperRules.swift */; };
		FD2BC39F1A6080367D6D068A /* Prefs.swift in Sources */ = {isa = PBXBuildFile; fileRef = "TEMP_096F5011-DE95-4D8B-9474-32FD7B47808E" /* Prefs.swift */; };
		FF05447667C3D3488169173C /* Sync.swift in Sources */ = {isa = PBXBuildFile; fileRef = "TEMP_5DC66764-8470-4522-BE52-6106D4FADDCF" /* Sync.swift */; };
/* End PBXBuildFile section */

/* Begin PBXCopyFilesBuildPhase section */
		2CA7614D488275AB24EEE766 /* Embed Frameworks */ = {
			isa = PBXCopyFilesBuildPhase;
			buildActionMask = 2147483647;
			dstPath = "";
			dstSubfolderSpec = 10;
			files = (
				A36D8F31E2CF838FEFBEC626 /* Sparkle.framework in Embed Frameworks */,
			);
			name = "Embed Frameworks";
			runOnlyForDeploymentPostprocessing = 0;
		};
/* End PBXCopyFilesBuildPhase section */

/* Begin PBXFileReference section */
		16355B29A0F4A6768C99D1C0 /* colproject.icns */ = {isa = PBXFileReference; lastKnownFileType = image.icns; path = colproject.icns; sourceTree = "<group>"; };
		2DFCDC69130255E5982DD713 /* col3d.icns */ = {isa = PBXFileReference; lastKnownFileType = image.icns; path = col3d.icns; sourceTree = "<group>"; };
		338C98F6E21A0383CB98B85E /* colvideo.icns */ = {isa = PBXFileReference; lastKnownFileType = image.icns; path = colvideo.icns; sourceTree = "<group>"; };
		3B2C8245EBDF362A2D6314C1 /* colhistory.icns */ = {isa = PBXFileReference; lastKnownFileType = image.icns; path = colhistory.icns; sourceTree = "<group>"; };
		541D52D82EC97CBE186A7E0D /* colprint.icns */ = {isa = PBXFileReference; lastKnownFileType = image.icns; path = colprint.icns; sourceTree = "<group>"; };
		5762AC825EB9609956BC1D0C /* colweb.icns */ = {isa = PBXFileReference; lastKnownFileType = image.icns; path = colweb.icns; sourceTree = "<group>"; };
		610EBEF9E60397D933438011 /* colsyncproject.icns */ = {isa = PBXFileReference; lastKnownFileType = image.icns; path = colsyncproject.icns; sourceTree = "<group>"; };
		66C74BEE330EDC88F61EEE94 /* colphoto.icns */ = {isa = PBXFileReference; lastKnownFileType = image.icns; path = colphoto.icns; sourceTree = "<group>"; };
		762E95D1E3CB1042B906C99B /* Sparkle.framework */ = {isa = PBXFileReference; lastKnownFileType = wrapper.framework; name = Sparkle.framework; path = vendor/Sparkle/Sparkle.framework; sourceTree = "<group>"; };
		77A9E531BD3021E56D38F9B8 /* colspace.icns */ = {isa = PBXFileReference; lastKnownFileType = image.icns; path = colspace.icns; sourceTree = "<group>"; };
		7AB0BCF553AF31C8C7ED04BF /* coldata.icns */ = {isa = PBXFileReference; lastKnownFileType = image.icns; path = coldata.icns; sourceTree = "<group>"; };
		82DB9851BEC354A92C16A016 /* AppIcon.icns */ = {isa = PBXFileReference; lastKnownFileType = image.icns; path = AppIcon.icns; sourceTree = "<group>"; };
		9641714EF252949898FB6418 /* colsynccatalogue.icns */ = {isa = PBXFileReference; lastKnownFileType = image.icns; path = colsynccatalogue.icns; sourceTree = "<group>"; };
		9A4B61E80722813E7F86E917 /* colpalette.icns */ = {isa = PBXFileReference; lastKnownFileType = image.icns; path = colpalette.icns; sourceTree = "<group>"; };
		9A4DCCCC19843E293EC4DE90 /* colswatch.icns */ = {isa = PBXFileReference; lastKnownFileType = image.icns; path = colswatch.icns; sourceTree = "<group>"; };
		CCF4348E40E2E5057567D4AB /* Colorgain.app */ = {isa = PBXFileReference; explicitFileType = wrapper.application; includeInIndex = 0; path = Colorgain.app; sourceTree = BUILT_PRODUCTS_DIR; };
		E81369EB61078CE37CDC9ED4 /* colcine.icns */ = {isa = PBXFileReference; lastKnownFileType = image.icns; path = colcine.icns; sourceTree = "<group>"; };
		EB6E49A3BE04926823CB4646 /* colcatalogue.icns */ = {isa = PBXFileReference; lastKnownFileType = image.icns; path = colcatalogue.icns; sourceTree = "<group>"; };
		"TEMP_02441052-EDFE-4DE0-AC6E-AD2895B03008" /* Catalogue.swift */ = {isa = PBXFileReference; lastKnownFileType = sourcecode.swift; path = Catalogue.swift; sourceTree = "<group>"; };
		"TEMP_04947EDA-612C-4DD3-845D-AB81D74BC36B" /* SwatchList.swift */ = {isa = PBXFileReference; lastKnownFileType = sourcecode.swift; path = SwatchList.swift; sourceTree = "<group>"; };
		"TEMP_083EBD16-1A4A-479B-AE1C-E677E8CAA9EB" /* ColourEngine.swift */ = {isa = PBXFileReference; lastKnownFileType = sourcecode.swift; path = ColourEngine.swift; sourceTree = "<group>"; };
		"TEMP_08D1C150-01CC-421E-B4EB-4CEBC8D98565" /* Exporters.swift */ = {isa = PBXFileReference; lastKnownFileType = sourcecode.swift; path = Exporters.swift; sourceTree = "<group>"; };
		"TEMP_096F5011-DE95-4D8B-9474-32FD7B47808E" /* Prefs.swift */ = {isa = PBXFileReference; lastKnownFileType = sourcecode.swift; path = Prefs.swift; sourceTree = "<group>"; };
		"TEMP_0989DFD8-7B8C-4D44-B45F-02A529FE6DB6" /* NewColour.swift */ = {isa = PBXFileReference; lastKnownFileType = sourcecode.swift; path = NewColour.swift; sourceTree = "<group>"; };
		"TEMP_0BBE6FC0-44DA-4112-9AB3-FEB256BFD51D" /* Purposes.swift */ = {isa = PBXFileReference; lastKnownFileType = sourcecode.swift; path = Purposes.swift; sourceTree = "<group>"; };
		"TEMP_1009FEDE-9B50-45B7-8EC1-52E921EC336A" /* StudioSchema.swift */ = {isa = PBXFileReference; lastKnownFileType = sourcecode.swift; path = StudioSchema.swift; sourceTree = "<group>"; };
		"TEMP_17A5BEB7-EADC-4F97-ABA5-A9433B5ED0A7" /* Design.swift */ = {isa = PBXFileReference; lastKnownFileType = sourcecode.swift; path = Design.swift; sourceTree = "<group>"; };
		"TEMP_1B56CE93-30C6-4572-BE20-EE601ED0FD09" /* AdobeHelper.swift */ = {isa = PBXFileReference; lastKnownFileType = sourcecode.swift; path = AdobeHelper.swift; sourceTree = "<group>"; };
		"TEMP_2ABEBC77-2C12-4B13-9B99-86C92CB104CE" /* Logo.swift */ = {isa = PBXFileReference; lastKnownFileType = sourcecode.swift; path = Logo.swift; sourceTree = "<group>"; };
		"TEMP_2FDE2F07-8DD2-4FCB-AF6E-8F75D2178306" /* ProjectFile.swift */ = {isa = PBXFileReference; lastKnownFileType = sourcecode.swift; path = ProjectFile.swift; sourceTree = "<group>"; };
		"TEMP_33D24ED7-8175-4CEE-9AD0-10A3E204F47C" /* HistoryRail.swift */ = {isa = PBXFileReference; lastKnownFileType = sourcecode.swift; path = HistoryRail.swift; sourceTree = "<group>"; };
		"TEMP_369F696A-02B3-4E3C-9823-DE3F1A676545" /* Lab.swift */ = {isa = PBXFileReference; lastKnownFileType = sourcecode.swift; path = Lab.swift; sourceTree = "<group>"; };
		"TEMP_39670AD0-B183-4153-9823-1579F9855335" /* Controls.swift */ = {isa = PBXFileReference; lastKnownFileType = sourcecode.swift; path = Controls.swift; sourceTree = "<group>"; };
		"TEMP_39A2135B-A3EC-40E8-8944-E6CECB5FAE86" /* Sidebar.swift */ = {isa = PBXFileReference; lastKnownFileType = sourcecode.swift; path = Sidebar.swift; sourceTree = "<group>"; };
		"TEMP_40651E42-6818-4D09-BCB0-E323D1824034" /* StudioSettings.swift */ = {isa = PBXFileReference; lastKnownFileType = sourcecode.swift; path = StudioSettings.swift; sourceTree = "<group>"; };
		"TEMP_4299BE97-C270-484B-A0EC-FFCDF147932C" /* StudioLab.swift */ = {isa = PBXFileReference; lastKnownFileType = sourcecode.swift; path = StudioLab.swift; sourceTree = "<group>"; };
		"TEMP_455F7A9A-EDD2-4B32-A843-A38C596A6878" /* ColourScience.swift */ = {isa = PBXFileReference; lastKnownFileType = sourcecode.swift; path = ColourScience.swift; sourceTree = "<group>"; };
		"TEMP_48C3C6F1-A956-494C-B3B7-B6F7ABB8558A" /* GamutMap.swift */ = {isa = PBXFileReference; lastKnownFileType = sourcecode.swift; path = GamutMap.swift; sourceTree = "<group>"; };
		"TEMP_4A30E845-1050-4E84-9DAF-A0148E39A94A" /* Brand.swift */ = {isa = PBXFileReference; lastKnownFileType = sourcecode.swift; path = Brand.swift; sourceTree = "<group>"; };
		"TEMP_4D060ECE-B268-45B6-82AA-5D61CD613433" /* PaneGrip.swift */ = {isa = PBXFileReference; lastKnownFileType = sourcecode.swift; path = PaneGrip.swift; sourceTree = "<group>"; };
		"TEMP_55E63D36-01DC-4F51-946A-7811A0E4DFAD" /* Schema.swift */ = {isa = PBXFileReference; lastKnownFileType = sourcecode.swift; path = Schema.swift; sourceTree = "<group>"; };
		"TEMP_59ED6EDD-16C1-4BFD-9FF8-2A04F5BC6C43" /* StudioWindow.swift */ = {isa = PBXFileReference; lastKnownFileType = sourcecode.swift; path = StudioWindow.swift; sourceTree = "<group>"; };
		"TEMP_5D08285A-E525-4EFE-8A29-39167DF50B85" /* Helpers.swift */ = {isa = PBXFileReference; lastKnownFileType = sourcecode.swift; path = Helpers.swift; sourceTree = "<group>"; };
		"TEMP_5DC66764-8470-4522-BE52-6106D4FADDCF" /* Sync.swift */ = {isa = PBXFileReference; lastKnownFileType = sourcecode.swift; path = Sync.swift; sourceTree = "<group>"; };
		"TEMP_5E3D8681-100D-4AC9-9758-D2CE5C6EB9C4" /* SetupAssistant.swift */ = {isa = PBXFileReference; lastKnownFileType = sourcecode.swift; path = SetupAssistant.swift; sourceTree = "<group>"; };
		"TEMP_69FCAA9E-B0FC-4A3F-BFBA-2AFA3BBC6504" /* SlideConfirm.swift */ = {isa = PBXFileReference; lastKnownFileType = sourcecode.swift; path = SlideConfirm.swift; sourceTree = "<group>"; };
		"TEMP_6EABC318-063D-49F0-AC33-47F6DB74F1CE" /* Projects.swift */ = {isa = PBXFileReference; lastKnownFileType = sourcecode.swift; path = Projects.swift; sourceTree = "<group>"; };
		"TEMP_7460014B-600B-4B73-A841-92C111821746" /* StudioTags.swift */ = {isa = PBXFileReference; lastKnownFileType = sourcecode.swift; path = StudioTags.swift; sourceTree = "<group>"; };
		"TEMP_753CED9B-E0C2-4B04-8DB7-B9375D4619C0" /* Tags.swift */ = {isa = PBXFileReference; lastKnownFileType = sourcecode.swift; path = Tags.swift; sourceTree = "<group>"; };
		"TEMP_79A335A0-FC03-4A8E-A79F-7A300A0CD598" /* ColourFormats.swift */ = {isa = PBXFileReference; lastKnownFileType = sourcecode.swift; path = ColourFormats.swift; sourceTree = "<group>"; };
		"TEMP_7A7D39B2-7E2C-4296-B281-6FB562710195" /* main.swift */ = {isa = PBXFileReference; lastKnownFileType = sourcecode.swift; path = main.swift; sourceTree = "<group>"; };
		"TEMP_7B61E215-3903-4768-B4AE-AB2AEF0B3DEB" /* Typography.swift */ = {isa = PBXFileReference; lastKnownFileType = sourcecode.swift; path = Typography.swift; sourceTree = "<group>"; };
		"TEMP_7C06B517-911A-46C2-9EC3-D1CE690F1416" /* PaletteGroups.swift */ = {isa = PBXFileReference; lastKnownFileType = sourcecode.swift; path = PaletteGroups.swift; sourceTree = "<group>"; };
		"TEMP_7D2B8381-33E8-4CA6-A0BE-8FADB053FEC4" /* HaloMenu.swift */ = {isa = PBXFileReference; lastKnownFileType = sourcecode.swift; path = HaloMenu.swift; sourceTree = "<group>"; };
		"TEMP_7F7B6FB6-B2BE-40E7-87B6-0AB714FEC5CC" /* Histogram.swift */ = {isa = PBXFileReference; lastKnownFileType = sourcecode.swift; path = Histogram.swift; sourceTree = "<group>"; };
		"TEMP_7FFE6EC5-8366-4AB2-B4F8-A9FF98CCD88E" /* SetupFrame.swift */ = {isa = PBXFileReference; lastKnownFileType = sourcecode.swift; path = SetupFrame.swift; sourceTree = "<group>"; };
		"TEMP_88192388-5806-43EF-BE13-1C9C21F22548" /* Analysis.swift */ = {isa = PBXFileReference; lastKnownFileType = sourcecode.swift; path = Analysis.swift; sourceTree = "<group>"; };
		"TEMP_8B9EE89E-99A9-4806-8A7D-8A515D5605E9" /* Palette.swift */ = {isa = PBXFileReference; lastKnownFileType = sourcecode.swift; path = Palette.swift; sourceTree = "<group>"; };
		"TEMP_8D049E86-1FB5-4554-BC0C-150746950D9E" /* PageHeader.swift */ = {isa = PBXFileReference; lastKnownFileType = sourcecode.swift; path = PageHeader.swift; sourceTree = "<group>"; };
		"TEMP_92CF00C2-0B7E-4368-A352-003F41D8BE2A" /* ColourProfiles.swift */ = {isa = PBXFileReference; lastKnownFileType = sourcecode.swift; path = ColourProfiles.swift; sourceTree = "<group>"; };
		"TEMP_950C510E-0839-4EBA-A7CF-1835735C8AEB" /* ColourIdentity.swift */ = {isa = PBXFileReference; lastKnownFileType = sourcecode.swift; path = ColourIdentity.swift; sourceTree = "<group>"; };
		"TEMP_958548E7-88CF-4926-A7FE-8DE05B255953" /* LabContrast.swift */ = {isa = PBXFileReference; lastKnownFileType = sourcecode.swift; path = LabContrast.swift; sourceTree = "<group>"; };
		"TEMP_96BF62D9-6708-45EE-9551-DB2503DAF084" /* HaloDemo.swift */ = {isa = PBXFileReference; lastKnownFileType = sourcecode.swift; path = HaloDemo.swift; sourceTree = "<group>"; };
		"TEMP_9B318076-2069-40B9-B0E8-54BA4A299098" /* Controller.swift */ = {isa = PBXFileReference; lastKnownFileType = sourcecode.swift; path = Controller.swift; sourceTree = "<group>"; };
		"TEMP_9D5B2622-19AF-4397-A425-459596E5EFC1" /* ContextRail.swift */ = {isa = PBXFileReference; lastKnownFileType = sourcecode.swift; path = ContextRail.swift; sourceTree = "<group>"; };
		"TEMP_9F6FAD53-2330-4F2C-B386-DF6A4BBA1055" /* History.swift */ = {isa = PBXFileReference; lastKnownFileType = sourcecode.swift; path = History.swift; sourceTree = "<group>"; };
		"TEMP_A57D77F9-1447-4077-BD3A-9CB60122988D" /* Bookmarks.swift */ = {isa = PBXFileReference; lastKnownFileType = sourcecode.swift; path = Bookmarks.swift; sourceTree = "<group>"; };
		"TEMP_AD4902E6-85BA-4DC1-B0FE-62E1E0B33154" /* SettingsWindow.swift */ = {isa = PBXFileReference; lastKnownFileType = sourcecode.swift; path = SettingsWindow.swift; sourceTree = "<group>"; };
		"TEMP_AE2D608A-5B2B-4A9C-A63F-5943F6DE6E33" /* Model.swift */ = {isa = PBXFileReference; lastKnownFileType = sourcecode.swift; path = Model.swift; sourceTree = "<group>"; };
		"TEMP_B02EE8F4-467F-45B2-AF73-CD5075E6ED3A" /* AdobeHelperRules.swift */ = {isa = PBXFileReference; lastKnownFileType = sourcecode.swift; path = AdobeHelperRules.swift; sourceTree = "<group>"; };
		"TEMP_B0565E1C-0400-4075-9796-403C5FF4B221" /* Dump.swift */ = {isa = PBXFileReference; lastKnownFileType = sourcecode.swift; path = Dump.swift; sourceTree = "<group>"; };
		"TEMP_B2E1B9DB-C1A9-4499-904A-0D5BBA2F7FDA" /* ColourNames.swift */ = {isa = PBXFileReference; lastKnownFileType = sourcecode.swift; path = ColourNames.swift; sourceTree = "<group>"; };
		"TEMP_BFE3A16B-28D9-4845-B256-C2EB7B737BC4" /* Store.swift */ = {isa = PBXFileReference; lastKnownFileType = sourcecode.swift; path = Store.swift; sourceTree = "<group>"; };
		"TEMP_C935A448-CC06-47B3-B5A8-0EEA10518296" /* Permissions.swift */ = {isa = PBXFileReference; lastKnownFileType = sourcecode.swift; path = Permissions.swift; sourceTree = "<group>"; };
		"TEMP_CAEDC846-3EDB-44CF-8188-C51768B59F1B" /* Importers.swift */ = {isa = PBXFileReference; lastKnownFileType = sourcecode.swift; path = Importers.swift; sourceTree = "<group>"; };
		"TEMP_CB9F9DB1-57CF-440E-83A9-8276387FB456" /* Overview.swift */ = {isa = PBXFileReference; lastKnownFileType = sourcecode.swift; path = Overview.swift; sourceTree = "<group>"; };
		"TEMP_CC60FA5D-665F-4BA8-990C-76C88C6E2438" /* Buttons.swift */ = {isa = PBXFileReference; lastKnownFileType = sourcecode.swift; path = Buttons.swift; sourceTree = "<group>"; };
		"TEMP_D44CCC5A-71A5-416E-B232-0AFE74D89E60" /* MainWindow.swift */ = {isa = PBXFileReference; lastKnownFileType = sourcecode.swift; path = MainWindow.swift; sourceTree = "<group>"; };
		"TEMP_DA5E93AA-B826-47AE-973D-33BC855CDF86" /* FormMemory.swift */ = {isa = PBXFileReference; lastKnownFileType = sourcecode.swift; path = FormMemory.swift; sourceTree = "<group>"; };
		"TEMP_DB96FABD-F7B6-4403-BA6B-0C160BC8CEDF" /* StudioContrast.swift */ = {isa = PBXFileReference; lastKnownFileType = sourcecode.swift; path = StudioContrast.swift; sourceTree = "<group>"; };
		"TEMP_DC045F23-D99F-4E4D-85F8-922C78EF5E41" /* HaloTrainer.swift */ = {isa = PBXFileReference; lastKnownFileType = sourcecode.swift; path = HaloTrainer.swift; sourceTree = "<group>"; };
		"TEMP_DEA6CFEA-920A-41E5-86CC-95D2EFD9A6BE" /* PickIntent.swift */ = {isa = PBXFileReference; lastKnownFileType = sourcecode.swift; path = PickIntent.swift; sourceTree = "<group>"; };
		"TEMP_DEDB2DC5-0FF3-4C0E-9270-988070A153D2" /* Shortcuts.swift */ = {isa = PBXFileReference; lastKnownFileType = sourcecode.swift; path = Shortcuts.swift; sourceTree = "<group>"; };
		"TEMP_E3704A98-318C-464A-BA5C-8F3F3457A8AD" /* StepCards.swift */ = {isa = PBXFileReference; lastKnownFileType = sourcecode.swift; path = StepCards.swift; sourceTree = "<group>"; };
		"TEMP_E5BED4DD-78C3-4257-B649-755CE7E6D905" /* Splash.swift */ = {isa = PBXFileReference; lastKnownFileType = sourcecode.swift; path = Splash.swift; sourceTree = "<group>"; };
		"TEMP_E6504A9B-6EAD-41B9-B2B0-6CC44DE916EC" /* LostProject.swift */ = {isa = PBXFileReference; lastKnownFileType = sourcecode.swift; path = LostProject.swift; sourceTree = "<group>"; };
		"TEMP_E6EFFF4F-9931-4700-8217-8ADB4F75DB2B" /* PermissionGate.swift */ = {isa = PBXFileReference; lastKnownFileType = sourcecode.swift; path = PermissionGate.swift; sourceTree = "<group>"; };
		"TEMP_EA8B6B8C-6337-445D-9911-897F9B090FA9" /* SelfTest.swift */ = {isa = PBXFileReference; lastKnownFileType = sourcecode.swift; path = SelfTest.swift; sourceTree = "<group>"; };
		"TEMP_EC3FB282-A01F-4AFD-B033-0C405E987667" /* Sampler.swift */ = {isa = PBXFileReference; lastKnownFileType = sourcecode.swift; path = Sampler.swift; sourceTree = "<group>"; };
		"TEMP_F32DA605-C4F4-4FEE-A176-5431EB6B86AC" /* Modal.swift */ = {isa = PBXFileReference; lastKnownFileType = sourcecode.swift; path = Modal.swift; sourceTree = "<group>"; };
		"TEMP_FDB83E04-0AC1-4876-B2FC-C88FA7FD393C" /* AllSwatchesView.swift */ = {isa = PBXFileReference; lastKnownFileType = sourcecode.swift; path = AllSwatchesView.swift; sourceTree = "<group>"; };
		"TEMP_FE456799-BC0B-4570-A0CF-16E5D3433CB3" /* PaletteView.swift */ = {isa = PBXFileReference; lastKnownFileType = sourcecode.swift; path = PaletteView.swift; sourceTree = "<group>"; };
/* End PBXFileReference section */

/* Begin PBXFrameworksBuildPhase section */
		036657CB97DEF882B8BCBBDC /* Frameworks */ = {
			isa = PBXFrameworksBuildPhase;
			buildActionMask = 2147483647;
			files = (
				19ED95443E90D119D82CF625 /* Sparkle.framework in Frameworks */,
			);
			runOnlyForDeploymentPostprocessing = 0;
		};
/* End PBXFrameworksBuildPhase section */

/* Begin PBXGroup section */
		2CA4762E85C4D7435687DA39 = {
			isa = PBXGroup;
			children = (
				A4EDE6FC3C724E1AAD14F48F /* File Icons */,
				82DB9851BEC354A92C16A016 /* AppIcon.icns */,
				54ECDAD04355540B929167BF /* Frameworks */,
				E64104B753590433BA66339E /* Products */,
			);
			sourceTree = "<group>";
		};
		54ECDAD04355540B929167BF /* Frameworks */ = {
			isa = PBXGroup;
			children = (
				762E95D1E3CB1042B906C99B /* Sparkle.framework */,
			);
			name = Frameworks;
			sourceTree = "<group>";
		};
		A4EDE6FC3C724E1AAD14F48F /* File Icons */ = {
			isa = PBXGroup;
			children = (
				2DFCDC69130255E5982DD713 /* col3d.icns */,
				EB6E49A3BE04926823CB4646 /* colcatalogue.icns */,
				E81369EB61078CE37CDC9ED4 /* colcine.icns */,
				7AB0BCF553AF31C8C7ED04BF /* coldata.icns */,
				3B2C8245EBDF362A2D6314C1 /* colhistory.icns */,
				9A4B61E80722813E7F86E917 /* colpalette.icns */,
				66C74BEE330EDC88F61EEE94 /* colphoto.icns */,
				541D52D82EC97CBE186A7E0D /* colprint.icns */,
				16355B29A0F4A6768C99D1C0 /* colproject.icns */,
				77A9E531BD3021E56D38F9B8 /* colspace.icns */,
				9A4DCCCC19843E293EC4DE90 /* colswatch.icns */,
				9641714EF252949898FB6418 /* colsynccatalogue.icns */,
				610EBEF9E60397D933438011 /* colsyncproject.icns */,
				338C98F6E21A0383CB98B85E /* colvideo.icns */,
				5762AC825EB9609956BC1D0C /* colweb.icns */,
			);
			name = "File Icons";
			path = icons;
			sourceTree = "<group>";
		};
		E64104B753590433BA66339E /* Products */ = {
			isa = PBXGroup;
			children = (
				CCF4348E40E2E5057567D4AB /* Colorgain.app */,
			);
			name = Products;
			sourceTree = "<group>";
		};
		"TEMP_F53C05A0-BD56-4C11-9EB2-4238542B776E" /* . */ = {
			isa = PBXGroup;
			children = (
				"TEMP_A57D77F9-1447-4077-BD3A-9CB60122988D" /* Bookmarks.swift */,
				"TEMP_7B61E215-3903-4768-B4AE-AB2AEF0B3DEB" /* Typography.swift */,
				"TEMP_B2E1B9DB-C1A9-4499-904A-0D5BBA2F7FDA" /* ColourNames.swift */,
				"TEMP_958548E7-88CF-4926-A7FE-8DE05B255953" /* LabContrast.swift */,
				"TEMP_AD4902E6-85BA-4DC1-B0FE-62E1E0B33154" /* SettingsWindow.swift */,
				"TEMP_8D049E86-1FB5-4554-BC0C-150746950D9E" /* PageHeader.swift */,
				"TEMP_8B9EE89E-99A9-4806-8A7D-8A515D5605E9" /* Palette.swift */,
				"TEMP_DC045F23-D99F-4E4D-85F8-922C78EF5E41" /* HaloTrainer.swift */,
				"TEMP_E6EFFF4F-9931-4700-8217-8ADB4F75DB2B" /* PermissionGate.swift */,
				"TEMP_AE2D608A-5B2B-4A9C-A63F-5943F6DE6E33" /* Model.swift */,
				"TEMP_88192388-5806-43EF-BE13-1C9C21F22548" /* Analysis.swift */,
				"TEMP_CC60FA5D-665F-4BA8-990C-76C88C6E2438" /* Buttons.swift */,
				"TEMP_79A335A0-FC03-4A8E-A79F-7A300A0CD598" /* ColourFormats.swift */,
				"TEMP_2FDE2F07-8DD2-4FCB-AF6E-8F75D2178306" /* ProjectFile.swift */,
				"TEMP_FDB83E04-0AC1-4876-B2FC-C88FA7FD393C" /* AllSwatchesView.swift */,
				"TEMP_DA5E93AA-B826-47AE-973D-33BC855CDF86" /* FormMemory.swift */,
				"TEMP_33D24ED7-8175-4CEE-9AD0-10A3E204F47C" /* HistoryRail.swift */,
				"TEMP_FE456799-BC0B-4570-A0CF-16E5D3433CB3" /* PaletteView.swift */,
				"TEMP_0BBE6FC0-44DA-4112-9AB3-FEB256BFD51D" /* Purposes.swift */,
				"TEMP_2ABEBC77-2C12-4B13-9B99-86C92CB104CE" /* Logo.swift */,
				"TEMP_9D5B2622-19AF-4397-A425-459596E5EFC1" /* ContextRail.swift */,
				"TEMP_455F7A9A-EDD2-4B32-A843-A38C596A6878" /* ColourScience.swift */,
				"TEMP_4299BE97-C270-484B-A0EC-FFCDF147932C" /* StudioLab.swift */,
				"TEMP_1B56CE93-30C6-4572-BE20-EE601ED0FD09" /* AdobeHelper.swift */,
				"TEMP_59ED6EDD-16C1-4BFD-9FF8-2A04F5BC6C43" /* StudioWindow.swift */,
				"TEMP_E5BED4DD-78C3-4257-B649-755CE7E6D905" /* Splash.swift */,
				"TEMP_CAEDC846-3EDB-44CF-8188-C51768B59F1B" /* Importers.swift */,
				"TEMP_F32DA605-C4F4-4FEE-A176-5431EB6B86AC" /* Modal.swift */,
				"TEMP_B0565E1C-0400-4075-9796-403C5FF4B221" /* Dump.swift */,
				"TEMP_5DC66764-8470-4522-BE52-6106D4FADDCF" /* Sync.swift */,
				"TEMP_7F7B6FB6-B2BE-40E7-87B6-0AB714FEC5CC" /* Histogram.swift */,
				"TEMP_5D08285A-E525-4EFE-8A29-39167DF50B85" /* Helpers.swift */,
				"TEMP_1009FEDE-9B50-45B7-8EC1-52E921EC336A" /* StudioSchema.swift */,
				"TEMP_C935A448-CC06-47B3-B5A8-0EEA10518296" /* Permissions.swift */,
				"TEMP_92CF00C2-0B7E-4368-A352-003F41D8BE2A" /* ColourProfiles.swift */,
				"TEMP_9B318076-2069-40B9-B0E8-54BA4A299098" /* Controller.swift */,
				"TEMP_5E3D8681-100D-4AC9-9758-D2CE5C6EB9C4" /* SetupAssistant.swift */,
				"TEMP_369F696A-02B3-4E3C-9823-DE3F1A676545" /* Lab.swift */,
				"TEMP_7FFE6EC5-8366-4AB2-B4F8-A9FF98CCD88E" /* SetupFrame.swift */,
				"TEMP_69FCAA9E-B0FC-4A3F-BFBA-2AFA3BBC6504" /* SlideConfirm.swift */,
				"TEMP_4D060ECE-B268-45B6-82AA-5D61CD613433" /* PaneGrip.swift */,
				"TEMP_CB9F9DB1-57CF-440E-83A9-8276387FB456" /* Overview.swift */,
				"TEMP_08D1C150-01CC-421E-B4EB-4CEBC8D98565" /* Exporters.swift */,
				"TEMP_7D2B8381-33E8-4CA6-A0BE-8FADB053FEC4" /* HaloMenu.swift */,
				"TEMP_950C510E-0839-4EBA-A7CF-1835735C8AEB" /* ColourIdentity.swift */,
				"TEMP_7C06B517-911A-46C2-9EC3-D1CE690F1416" /* PaletteGroups.swift */,
				"TEMP_48C3C6F1-A956-494C-B3B7-B6F7ABB8558A" /* GamutMap.swift */,
				"TEMP_EA8B6B8C-6337-445D-9911-897F9B090FA9" /* SelfTest.swift */,
				"TEMP_753CED9B-E0C2-4B04-8DB7-B9375D4619C0" /* Tags.swift */,
				"TEMP_6EABC318-063D-49F0-AC33-47F6DB74F1CE" /* Projects.swift */,
				"TEMP_DB96FABD-F7B6-4403-BA6B-0C160BC8CEDF" /* StudioContrast.swift */,
				"TEMP_D44CCC5A-71A5-416E-B232-0AFE74D89E60" /* MainWindow.swift */,
				"TEMP_39A2135B-A3EC-40E8-8944-E6CECB5FAE86" /* Sidebar.swift */,
				"TEMP_083EBD16-1A4A-479B-AE1C-E677E8CAA9EB" /* ColourEngine.swift */,
				"TEMP_BFE3A16B-28D9-4845-B256-C2EB7B737BC4" /* Store.swift */,
				"TEMP_B02EE8F4-467F-45B2-AF73-CD5075E6ED3A" /* AdobeHelperRules.swift */,
				"TEMP_55E63D36-01DC-4F51-946A-7811A0E4DFAD" /* Schema.swift */,
				"TEMP_39670AD0-B183-4153-9823-1579F9855335" /* Controls.swift */,
				"TEMP_E6504A9B-6EAD-41B9-B2B0-6CC44DE916EC" /* LostProject.swift */,
				"TEMP_4A30E845-1050-4E84-9DAF-A0148E39A94A" /* Brand.swift */,
				"TEMP_02441052-EDFE-4DE0-AC6E-AD2895B03008" /* Catalogue.swift */,
				"TEMP_04947EDA-612C-4DD3-845D-AB81D74BC36B" /* SwatchList.swift */,
				"TEMP_0989DFD8-7B8C-4D44-B45F-02A529FE6DB6" /* NewColour.swift */,
				"TEMP_9F6FAD53-2330-4F2C-B386-DF6A4BBA1055" /* History.swift */,
				"TEMP_7A7D39B2-7E2C-4296-B281-6FB562710195" /* main.swift */,
				"TEMP_96BF62D9-6708-45EE-9551-DB2503DAF084" /* HaloDemo.swift */,
				"TEMP_DEDB2DC5-0FF3-4C0E-9270-988070A153D2" /* Shortcuts.swift */,
				"TEMP_E3704A98-318C-464A-BA5C-8F3F3457A8AD" /* StepCards.swift */,
				"TEMP_EC3FB282-A01F-4AFD-B033-0C405E987667" /* Sampler.swift */,
				"TEMP_DEA6CFEA-920A-41E5-86CC-95D2EFD9A6BE" /* PickIntent.swift */,
				"TEMP_7460014B-600B-4B73-A841-92C111821746" /* StudioTags.swift */,
				"TEMP_096F5011-DE95-4D8B-9474-32FD7B47808E" /* Prefs.swift */,
				"TEMP_17A5BEB7-EADC-4F97-ABA5-A9433B5ED0A7" /* Design.swift */,
				"TEMP_40651E42-6818-4D09-BCB0-E323D1824034" /* StudioSettings.swift */,
			);
			name = .;
			path = .;
			sourceTree = "<group>";
		};
/* End PBXGroup section */

/* Begin PBXNativeTarget section */
		C14B858CE810B15BDD056134 /* Colorgain */ = {
			isa = PBXNativeTarget;
			buildConfigurationList = EE415DFCAC263E35AE8748F7 /* Build configuration list for PBXNativeTarget "Colorgain" */;
			buildPhases = (
				DC288166F5A7D81B2D773B2F /* Sources */,
				7DE6E650583FA9A0B5887053 /* Resources */,
				036657CB97DEF882B8BCBBDC /* Frameworks */,
				2CA7614D488275AB24EEE766 /* Embed Frameworks */,
				788A6039619E9793D5E77E1C /* Stamp the build and add the helper */,
			);
			buildRules = (
			);
			dependencies = (
			);
			name = Colorgain;
			packageProductDependencies = (
			);
			productName = Colorgain;
			productReference = CCF4348E40E2E5057567D4AB /* Colorgain.app */;
			productType = "com.apple.product-type.application";
		};
/* End PBXNativeTarget section */

/* Begin PBXProject section */
		62BD3722E3FD7425C78336E4 /* Project object */ = {
			isa = PBXProject;
			attributes = {
				BuildIndependentTargetsInParallel = YES;
				LastUpgradeCheck = 2700;
				TargetAttributes = {
					C14B858CE810B15BDD056134 = {
						DevelopmentTeam = 6QVKGBRP5J;
						ProvisioningStyle = Manual;
					};
				};
			};
			buildConfigurationList = 78EA27599E47DEC7F9E3DB77 /* Build configuration list for PBXProject "Colorgain" */;
			developmentRegion = en;
			hasScannedForEncodings = 0;
			knownRegions = (
				Base,
				en,
			);
			mainGroup = 2CA4762E85C4D7435687DA39;
			minimizedProjectReferenceProxies = 1;
			preferredProjectObjectVersion = 77;
			productRefGroup = E64104B753590433BA66339E /* Products */;
			projectDirPath = "";
			projectRoot = "";
			targets = (
				C14B858CE810B15BDD056134 /* Colorgain */,
			);
		};
/* End PBXProject section */

/* Begin PBXResourcesBuildPhase section */
		7DE6E650583FA9A0B5887053 /* Resources */ = {
			isa = PBXResourcesBuildPhase;
			buildActionMask = 2147483647;
			files = (
				B3956637F61DBAF44531D4F9 /* AppIcon.icns in Resources */,
				9AD660CCACFC33DBDCB2F721 /* col3d.icns in Resources */,
				64A3E4BA6582B9CEACD138EF /* colcatalogue.icns in Resources */,
				39315CEC9E1BFD8007005D65 /* colcine.icns in Resources */,
				CBB80274DBD545DC1FA26152 /* coldata.icns in Resources */,
				E3E4610CD681F4779936467F /* colhistory.icns in Resources */,
				4B0A52C533A0CC8D1B228303 /* colpalette.icns in Resources */,
				977B382E03DD3DE3BC12F5E7 /* colphoto.icns in Resources */,
				721252012F19045BC90B96B9 /* colprint.icns in Resources */,
				439D756CAE4AB5233371B415 /* colproject.icns in Resources */,
				E147AD10EE94D82A47303550 /* colspace.icns in Resources */,
				F5B7AABA6446ABF161DF70BE /* colswatch.icns in Resources */,
				CA3F9CA0EADA529352948602 /* colsynccatalogue.icns in Resources */,
				C943AD7C36482C540AA463EF /* colsyncproject.icns in Resources */,
				0613910D216007B45089A830 /* colvideo.icns in Resources */,
				1E29FF53B99072A61D148A00 /* colweb.icns in Resources */,
			);
			runOnlyForDeploymentPostprocessing = 0;
		};
/* End PBXResourcesBuildPhase section */

/* Begin PBXShellScriptBuildPhase section */
		788A6039619E9793D5E77E1C /* Stamp the build and add the helper */ = {
			isa = PBXShellScriptBuildPhase;
			alwaysOutOfDate = 1;
			buildActionMask = 2147483647;
			files = (
			);
			inputFileListPaths = (
			);
			inputPaths = (
				"$(TARGET_BUILD_DIR)/$(INFOPLIST_PATH)",
				"$(TARGET_BUILD_DIR)/$(EXECUTABLE_PATH)",
			);
			name = "Stamp the build and add the helper";
			outputFileListPaths = (
			);
			outputPaths = (
			);
			runOnlyForDeploymentPostprocessing = 0;
			shellPath = /bin/bash;
			shellScript = "# The input files put this phase after the property list and the binary are in place; without\n# them Xcode may process Info.plist after the stamp and lose it.\n# What build.sh does after compiling: the build number is the commit count, the commit is\n# stamped for the footer (a \"+\" when Swift files were uncommitted), and the Adobe helper and\n# its daemon plist go into the bundle. Xcode signs the whole bundle after this phase.\nset -euo pipefail\ncd \"$SRCROOT\"\napp=\"$TARGET_BUILD_DIR/$WRAPPER_NAME\"\nplist=\"$app/Contents/Info.plist\"\nif git rev-parse --git-dir >/dev/null 2>&1; then\n    build=\"$(git rev-list --count HEAD)\"\n    commit=\"$(git rev-parse --short HEAD)\"\n    if [ -n \"$(git status --porcelain --untracked-files=no -- '*.swift')\" ]; then commit=\"$commit+\"; fi\n    /usr/libexec/PlistBuddy -c \"Set :CFBundleVersion $build\" \"$plist\"\n    /usr/libexec/PlistBuddy -c \"Delete :ColourBuildCommit\" \"$plist\" 2>/dev/null || true\n    /usr/libexec/PlistBuddy -c \"Add :ColourBuildCommit string $commit\" \"$plist\"\nfi\nhelper=\"$app/Contents/MacOS/MMFFDevColour3Helper\"\nid=\"com.mmffdev.mmffdevcolour3.helper\"\nif [ ! -f \"$helper\" ] || [ helper/main.swift -nt \"$helper\" ] || [ AdobeHelperRules.swift -nt \"$helper\" ]; then\n    xcrun swiftc -O helper/main.swift AdobeHelperRules.swift -o \"$helper\"\nfi\nmkdir -p \"$app/Contents/Library/LaunchDaemons\"\ncp \"helper/$id.plist\" \"$app/Contents/Library/LaunchDaemons/$id.plist\"\nif [ -n \"${EXPANDED_CODE_SIGN_IDENTITY:-}\" ] && [ \"$EXPANDED_CODE_SIGN_IDENTITY\" != \"-\" ]; then\n    codesign --force --options runtime --timestamp --identifier \"$id\" --sign \"$EXPANDED_CODE_SIGN_IDENTITY\" \"$helper\"\nelse\n    codesign --force --identifier \"$id\" --sign - \"$helper\"\nfi\n";
		};
/* End PBXShellScriptBuildPhase section */

/* Begin PBXSourcesBuildPhase section */
		DC288166F5A7D81B2D773B2F /* Sources */ = {
			isa = PBXSourcesBuildPhase;
			buildActionMask = 2147483647;
			files = (
				A5B6AFF290088B2A60A3E905 /* AdobeHelper.swift in Sources */,
				FC908513AE348AAAC106A5AA /* AdobeHelperRules.swift in Sources */,
				1600790B84557CC6C8DC924F /* AllSwatchesView.swift in Sources */,
				3AD0E58F458898A842BA3E6E /* Analysis.swift in Sources */,
				F8AF607E28AB0BB3CE9EA678 /* Bookmarks.swift in Sources */,
				17C01F2B9CAC0D632195CA24 /* Brand.swift in Sources */,
				1A0F9F91E8771F1949113CEF /* Buttons.swift in Sources */,
				BA990D53FAE50970BFD8D579 /* Catalogue.swift in Sources */,
				7C45CC6B9266EA703EA76590 /* ColourEngine.swift in Sources */,
				19761CD426ABFF9ED67FE33E /* ColourFormats.swift in Sources */,
				2240C4C8528005C63512EC83 /* ColourIdentity.swift in Sources */,
				C55914C978B28F3A4F08F9DE /* ColourNames.swift in Sources */,
				957BC1CCC4644BF10C2DCDCA /* ColourProfiles.swift in Sources */,
				443E2B21FAEA32943CBF9E2E /* ColourScience.swift in Sources */,
				A1B9A931602F6AFA903ACE12 /* ContextRail.swift in Sources */,
				A78C3A680265FC29F35E2B3A /* Controller.swift in Sources */,
				92C0A3B505EF2AA7BD3CDA20 /* Controls.swift in Sources */,
				A49E6C5661D26203460255C5 /* Design.swift in Sources */,
				762F92AA06018B232FA3003E /* Dump.swift in Sources */,
				26CB8837A065861C69B3E110 /* Exporters.swift in Sources */,
				A92DEB92F839D4B6FBE21002 /* FormMemory.swift in Sources */,
				0B346BEE5C4C03000C1CCD65 /* GamutMap.swift in Sources */,
				8D01309212F932D163A918D8 /* HaloDemo.swift in Sources */,
				06B84989B007206F578E5F14 /* HaloMenu.swift in Sources */,
				59C50C9A281C866CDFDCB14E /* HaloTrainer.swift in Sources */,
				5766F62A8B25A541D80C2D4C /* Helpers.swift in Sources */,
				7E6E4998291B4B8B5DA2736B /* Histogram.swift in Sources */,
				4FCE4C55033CFBF3BB9F1F6A /* History.swift in Sources */,
				6082573F580D297C61F245B1 /* HistoryRail.swift in Sources */,
				8BCFC7492B7733E3E8D76520 /* Importers.swift in Sources */,
				F441D58D308F724929D1BDAF /* Lab.swift in Sources */,
				D95D690F8941F14206680A0A /* LabContrast.swift in Sources */,
				D6EB5AAE6379C986215E1F93 /* Logo.swift in Sources */,
				4752CE2B15573FFE01BF077F /* LostProject.swift in Sources */,
				EBA83DB3411737EB5763EDAC /* MainWindow.swift in Sources */,
				BEC51AE7C67D069A04D901C7 /* Modal.swift in Sources */,
				05C94BA7F7393360FFA128A7 /* Model.swift in Sources */,
				C19063E406FA19E762D3301E /* NewColour.swift in Sources */,
				E85AD30DC8E853305215116F /* Overview.swift in Sources */,
				973EE214062137A9598F2E02 /* PageHeader.swift in Sources */,
				DDC9CF18B6B60328176B9FC7 /* Palette.swift in Sources */,
				EE1730A88A68DB094CBAB50D /* PaletteGroups.swift in Sources */,
				EF147938F0BAFAFE59829E63 /* PaletteView.swift in Sources */,
				0B87DCBFBFD00CAD4EA753D8 /* PaneGrip.swift in Sources */,
				FAAF3A708533E3D8FCEA72F4 /* PermissionGate.swift in Sources */,
				0AFAFA7A3975089BA49D2ABE /* Permissions.swift in Sources */,
				40DCC7220EFD7C580740BABD /* PickIntent.swift in Sources */,
				FD2BC39F1A6080367D6D068A /* Prefs.swift in Sources */,
				10C94515875DEF61C2F9B0E2 /* ProjectFile.swift in Sources */,
				8A66338034D866D9BA062F41 /* Projects.swift in Sources */,
				51A7CD69FA7E83A491720CC3 /* Purposes.swift in Sources */,
				295DC7CE6EBEC21F3DF5A244 /* Sampler.swift in Sources */,
				21C8794069AA891F31EAACAB /* Schema.swift in Sources */,
				6341C81392E957C3E2C9B8F1 /* SelfTest.swift in Sources */,
				F79CF21F6F8DDADF6EF292C6 /* SettingsWindow.swift in Sources */,
				93E9356AD889CF89A5B746F3 /* SetupAssistant.swift in Sources */,
				5DD88997E45E324F761EF142 /* SetupFrame.swift in Sources */,
				032643CA9538BEA8C6D9D3D5 /* Shortcuts.swift in Sources */,
				33BE7812C115DDF0BEF81B88 /* Sidebar.swift in Sources */,
				5F2558286D555B42F1923489 /* SlideConfirm.swift in Sources */,
				A39E3660D0C31CEBC03F5CEE /* Splash.swift in Sources */,
				AB6250E729F6439C1D9F9072 /* StepCards.swift in Sources */,
				467C4808B52B536CBA1C8372 /* Store.swift in Sources */,
				44546D8833C1AA4D0BAC3E88 /* StudioContrast.swift in Sources */,
				9CCB072A23BA69B37A4B4FC9 /* StudioLab.swift in Sources */,
				51E19D6FEC5B7CF7C7A7ADE8 /* StudioSchema.swift in Sources */,
				0F1E68BA4C75E4F76FEAC8A1 /* StudioSettings.swift in Sources */,
				BE9012F34EDFB5B6F91F978E /* StudioTags.swift in Sources */,
				C5795ECBDD5CF4A49204F1AD /* StudioWindow.swift in Sources */,
				B3F973FF4965E663645A4BE5 /* SwatchList.swift in Sources */,
				FF05447667C3D3488169173C /* Sync.swift in Sources */,
				EB947059E5A88437920D400A /* Tags.swift in Sources */,
				EC9E5684CBD245A2738C6DA5 /* Typography.swift in Sources */,
				AF935513FD075AB4253BD706 /* main.swift in Sources */,
			);
			runOnlyForDeploymentPostprocessing = 0;
		};
/* End PBXSourcesBuildPhase section */

/* Begin XCBuildConfiguration section */
		403515DEBCF332CD51058962 /* Release */ = {
			isa = XCBuildConfiguration;
			buildSettings = {
				ALWAYS_SEARCH_USER_PATHS = NO;
				CLANG_ANALYZER_NONNULL = YES;
				CLANG_ANALYZER_NUMBER_OBJECT_CONVERSION = YES_AGGRESSIVE;
				CLANG_CXX_LANGUAGE_STANDARD = "gnu++14";
				CLANG_CXX_LIBRARY = "libc++";
				CLANG_ENABLE_MODULES = YES;
				CLANG_ENABLE_OBJC_ARC = YES;
				CLANG_ENABLE_OBJC_WEAK = YES;
				CLANG_WARN_BLOCK_CAPTURE_AUTORELEASING = YES;
				CLANG_WARN_BOOL_CONVERSION = YES;
				CLANG_WARN_COMMA = YES;
				CLANG_WARN_CONSTANT_CONVERSION = YES;
				CLANG_WARN_DEPRECATED_OBJC_IMPLEMENTATIONS = YES;
				CLANG_WARN_DIRECT_OBJC_ISA_USAGE = YES_ERROR;
				CLANG_WARN_DOCUMENTATION_COMMENTS = YES;
				CLANG_WARN_EMPTY_BODY = YES;
				CLANG_WARN_ENUM_CONVERSION = YES;
				CLANG_WARN_INFINITE_RECURSION = YES;
				CLANG_WARN_INT_CONVERSION = YES;
				CLANG_WARN_NON_LITERAL_NULL_CONVERSION = YES;
				CLANG_WARN_OBJC_IMPLICIT_RETAIN_SELF = YES;
				CLANG_WARN_OBJC_LITERAL_CONVERSION = YES;
				CLANG_WARN_OBJC_ROOT_CLASS = YES_ERROR;
				CLANG_WARN_QUOTED_INCLUDE_IN_FRAMEWORK_HEADER = YES;
				CLANG_WARN_RANGE_LOOP_ANALYSIS = YES;
				CLANG_WARN_STRICT_PROTOTYPES = YES;
				CLANG_WARN_SUSPICIOUS_MOVE = YES;
				CLANG_WARN_UNGUARDED_AVAILABILITY = YES_AGGRESSIVE;
				CLANG_WARN_UNREACHABLE_CODE = YES;
				CLANG_WARN__DUPLICATE_METHOD_MATCH = YES;
				COPY_PHASE_STRIP = NO;
				CURRENT_PROJECT_VERSION = 1;
				DEBUG_INFORMATION_FORMAT = "dwarf-with-dsym";
				DEVELOPMENT_TEAM = 6QVKGBRP5J;
				ENABLE_NS_ASSERTIONS = NO;
				ENABLE_STRICT_OBJC_MSGSEND = YES;
				GCC_C_LANGUAGE_STANDARD = gnu11;
				GCC_NO_COMMON_BLOCKS = YES;
				GCC_WARN_64_TO_32_BIT_CONVERSION = YES;
				GCC_WARN_ABOUT_RETURN_TYPE = YES_ERROR;
				GCC_WARN_UNDECLARED_SELECTOR = YES;
				GCC_WARN_UNINITIALIZED_AUTOS = YES_AGGRESSIVE;
				GCC_WARN_UNUSED_FUNCTION = YES;
				GCC_WARN_UNUSED_VARIABLE = YES;
				MACOSX_DEPLOYMENT_TARGET = 26.0;
				MARKETING_VERSION = 3.0;
				MTL_ENABLE_DEBUG_INFO = NO;
				MTL_FAST_MATH = YES;
				PRODUCT_NAME = "$(TARGET_NAME)";
				SDKROOT = macosx;
				SWIFT_COMPILATION_MODE = wholemodule;
				SWIFT_OPTIMIZATION_LEVEL = "-O";
				SWIFT_VERSION = 5.0;
			};
			name = Release;
		};
		538B87C245BE0470C37C9249 /* Debug */ = {
			isa = XCBuildConfiguration;
			buildSettings = {
				ASSETCATALOG_COMPILER_APPICON_NAME = AppIcon;
				CODE_SIGN_IDENTITY = "Developer ID Application";
				CODE_SIGN_STYLE = Manual;
				COMBINE_HIDPI_IMAGES = YES;
				ENABLE_APP_SANDBOX = NO;
				ENABLE_HARDENED_RUNTIME = YES;
				ENABLE_USER_SCRIPT_SANDBOXING = NO;
				EXECUTABLE_NAME = MMFFDevColour3;
				FRAMEWORK_SEARCH_PATHS = (
					"$(inherited)",
					"\"vendor/Sparkle\"",
				);
				GENERATE_INFOPLIST_FILE = NO;
				INFOPLIST_FILE = "$(SRCROOT)/Info.plist";
				LD_RUNPATH_SEARCH_PATHS = "@executable_path/../Frameworks";
				MACOSX_DEPLOYMENT_TARGET = 26.0;
				PRODUCT_BUNDLE_IDENTIFIER = com.mmffdev.mmffdevcolour3;
				PRODUCT_NAME = "MMFFDev Colour 3";
				PROVISIONING_PROFILE_SPECIFIER = "";
				SDKROOT = macosx;
				SWIFT_ACTIVE_COMPILATION_CONDITIONS = DEBUG;
				SWIFT_OPTIMIZATION_LEVEL = "-Onone";
				SWIFT_STRICT_CONCURRENCY = minimal;
			};
			name = Debug;
		};
		666367D554D0BFDA24D91B65 /* Debug */ = {
			isa = XCBuildConfiguration;
			buildSettings = {
				ALWAYS_SEARCH_USER_PATHS = NO;
				CLANG_ANALYZER_NONNULL = YES;
				CLANG_ANALYZER_NUMBER_OBJECT_CONVERSION = YES_AGGRESSIVE;
				CLANG_CXX_LANGUAGE_STANDARD = "gnu++14";
				CLANG_CXX_LIBRARY = "libc++";
				CLANG_ENABLE_MODULES = YES;
				CLANG_ENABLE_OBJC_ARC = YES;
				CLANG_ENABLE_OBJC_WEAK = YES;
				CLANG_WARN_BLOCK_CAPTURE_AUTORELEASING = YES;
				CLANG_WARN_BOOL_CONVERSION = YES;
				CLANG_WARN_COMMA = YES;
				CLANG_WARN_CONSTANT_CONVERSION = YES;
				CLANG_WARN_DEPRECATED_OBJC_IMPLEMENTATIONS = YES;
				CLANG_WARN_DIRECT_OBJC_ISA_USAGE = YES_ERROR;
				CLANG_WARN_DOCUMENTATION_COMMENTS = YES;
				CLANG_WARN_EMPTY_BODY = YES;
				CLANG_WARN_ENUM_CONVERSION = YES;
				CLANG_WARN_INFINITE_RECURSION = YES;
				CLANG_WARN_INT_CONVERSION = YES;
				CLANG_WARN_NON_LITERAL_NULL_CONVERSION = YES;
				CLANG_WARN_OBJC_IMPLICIT_RETAIN_SELF = YES;
				CLANG_WARN_OBJC_LITERAL_CONVERSION = YES;
				CLANG_WARN_OBJC_ROOT_CLASS = YES_ERROR;
				CLANG_WARN_QUOTED_INCLUDE_IN_FRAMEWORK_HEADER = YES;
				CLANG_WARN_RANGE_LOOP_ANALYSIS = YES;
				CLANG_WARN_STRICT_PROTOTYPES = YES;
				CLANG_WARN_SUSPICIOUS_MOVE = YES;
				CLANG_WARN_UNGUARDED_AVAILABILITY = YES_AGGRESSIVE;
				CLANG_WARN_UNREACHABLE_CODE = YES;
				CLANG_WARN__DUPLICATE_METHOD_MATCH = YES;
				COPY_PHASE_STRIP = NO;
				CURRENT_PROJECT_VERSION = 1;
				DEBUG_INFORMATION_FORMAT = dwarf;
				DEVELOPMENT_TEAM = 6QVKGBRP5J;
				ENABLE_STRICT_OBJC_MSGSEND = YES;
				ENABLE_TESTABILITY = YES;
				GCC_C_LANGUAGE_STANDARD = gnu11;
				GCC_DYNAMIC_NO_PIC = NO;
				GCC_NO_COMMON_BLOCKS = YES;
				GCC_OPTIMIZATION_LEVEL = 0;
				GCC_PREPROCESSOR_DEFINITIONS = (
					"$(inherited)",
					"DEBUG=1",
				);
				GCC_WARN_64_TO_32_BIT_CONVERSION = YES;
				GCC_WARN_ABOUT_RETURN_TYPE = YES_ERROR;
				GCC_WARN_UNDECLARED_SELECTOR = YES;
				GCC_WARN_UNINITIALIZED_AUTOS = YES_AGGRESSIVE;
				GCC_WARN_UNUSED_FUNCTION = YES;
				GCC_WARN_UNUSED_VARIABLE = YES;
				MACOSX_DEPLOYMENT_TARGET = 26.0;
				MARKETING_VERSION = 3.0;
				MTL_ENABLE_DEBUG_INFO = INCLUDE_SOURCE;
				MTL_FAST_MATH = YES;
				ONLY_ACTIVE_ARCH = YES;
				PRODUCT_NAME = "$(TARGET_NAME)";
				SDKROOT = macosx;
				SWIFT_ACTIVE_COMPILATION_CONDITIONS = DEBUG;
				SWIFT_OPTIMIZATION_LEVEL = "-Onone";
				SWIFT_VERSION = 5.0;
			};
			name = Debug;
		};
		CA30FEDE26C90E3E88939FF4 /* Release */ = {
			isa = XCBuildConfiguration;
			buildSettings = {
				ASSETCATALOG_COMPILER_APPICON_NAME = AppIcon;
				CODE_SIGN_IDENTITY = "Developer ID Application";
				CODE_SIGN_STYLE = Manual;
				COMBINE_HIDPI_IMAGES = YES;
				ENABLE_APP_SANDBOX = NO;
				ENABLE_HARDENED_RUNTIME = YES;
				ENABLE_USER_SCRIPT_SANDBOXING = NO;
				EXECUTABLE_NAME = MMFFDevColour3;
				FRAMEWORK_SEARCH_PATHS = (
					"$(inherited)",
					"\"vendor/Sparkle\"",
				);
				GENERATE_INFOPLIST_FILE = NO;
				INFOPLIST_FILE = "$(SRCROOT)/Info.plist";
				LD_RUNPATH_SEARCH_PATHS = "@executable_path/../Frameworks";
				MACOSX_DEPLOYMENT_TARGET = 26.0;
				PRODUCT_BUNDLE_IDENTIFIER = com.mmffdev.mmffdevcolour3;
				PRODUCT_NAME = "MMFFDev Colour 3";
				PROVISIONING_PROFILE_SPECIFIER = "";
				SDKROOT = macosx;
				SWIFT_OPTIMIZATION_LEVEL = "-O";
				SWIFT_STRICT_CONCURRENCY = minimal;
			};
			name = Release;
		};
/* End XCBuildConfiguration section */

/* Begin XCConfigurationList section */
		78EA27599E47DEC7F9E3DB77 /* Build configuration list for PBXProject "Colorgain" */ = {
			isa = XCConfigurationList;
			buildConfigurations = (
				666367D554D0BFDA24D91B65 /* Debug */,
				403515DEBCF332CD51058962 /* Release */,
			);
			defaultConfigurationIsVisible = 0;
			defaultConfigurationName = Debug;
		};
		EE415DFCAC263E35AE8748F7 /* Build configuration list for PBXNativeTarget "Colorgain" */ = {
			isa = XCConfigurationList;
			buildConfigurations = (
				538B87C245BE0470C37C9249 /* Debug */,
				CA30FEDE26C90E3E88939FF4 /* Release */,
			);
			defaultConfigurationIsVisible = 0;
			defaultConfigurationName = Debug;
		};
/* End XCConfigurationList section */
	};
	rootObject = 62BD3722E3FD7425C78336E4 /* Project object */;
}
